// !$*UTF8*$!
{
	archiveVersion = 1;
	classes = {
	};
	objectVersion = 54;
	objects = {

/* Begin PBXBuildFile section */
		029B64ED4B344C1AA6897ADA /* coach_female_cs_3.m4a in Resources */ = {isa = PBXBuildFile; fileRef = 342A702B36C74041A94BED79 /* coach_female_cs_3.m4a */; };
		0851499E6A544C7DA6B525DA /* cyborg_cs_warmup.mp3 in Resources */ = {isa = PBXBuildFile; fileRef = 449C0C0332D9402AB4DFCD43 /* cyborg_cs_warmup.mp3 */; };
		093E8FA252194E7F8C82E80D /* cyborg_cs_7.mp3 in Resources */ = {isa = PBXBuildFile; fileRef = D19975D1C0814AD7B84A31A6 /* cyborg_cs_7.mp3 */; };
		096B80E12F4DABF500231B6D /* AVFoundation.framework in Frameworks */ = {isa = PBXBuildFile; fileRef = 096B80E02F4DABF500231B6D /* AVFoundation.framework */; };
		0C80B921A6F3F58F76C31292 /* libPods-GoAndRest.a in Frameworks */ = {isa = PBXBuildFile; fileRef = 5DCACB8F33CDC322A6C60F78 /* libPods-GoAndRest.a */; };
		0E67A6C4A9D342BD872C41B9 /* BarlowCondensed-Regular.ttf in Resources */ = {isa = PBXBuildFile; fileRef = 2A18B903C91945DBA5B1F4F9 /* BarlowCondensed-Regular.ttf */; };
		0F287FDFF54848ABBD4A95F2 /* cyborg_cs_9.mp3 in Resources */ = {isa = PBXBuildFile; fileRef = 1B8D98FE958E4932B22D3777 /* cyborg_cs_9.mp3 */; };
		11D2F7F66F174A8CA2CD34FC /* cyborg_cs_preview.m4a in Resources */ = {isa = PBXBuildFile; fileRef = 97A200D52E8D4CB4B9EF6691 /* cyborg_cs_preview.m4a */; };
		13B07FBF1A68108700A75B9A /* Images.xcassets in Resources */ = {isa = PBXBuildFile; fileRef = 13B07FB51A68108700A75B9A /* Images.xcassets */; };
		16FA6A240989496A8EB01DFD /* coach_female_cs_finish_v2.m4a in Resources */ = {isa = PBXBuildFile; fileRef = CA383C35A66E4D398C758CC2 /* coach_female_cs_finish_v2.m4a */; };
		1F3F91D22C2D46FBA3D8E6AF /* coach_female_cs_rest_v3.m4a in Resources */ = {isa = PBXBuildFile; fileRef = 9B66609FC715443AB923E866 /* coach_female_cs_rest_v3.m4a */; };
		254B8EE9491946B2A6F53CC0 /* coach_female_cs_10.m4a in Resources */ = {isa = PBXBuildFile; fileRef = 8BB904E36CF3478FBF4B3ACC /* coach_female_cs_10.m4a */; };
		27BD907CFC654A799F344931 /* cyborg_cs_half.mp3 in Resources */ = {isa = PBXBuildFile; fileRef = 676F5344593C4B40BFC7076E /* cyborg_cs_half.mp3 */; };
		2A379FE0027748F8803111F9 /* cyborg_cs_6.mp3 in Resources */ = {isa = PBXBuildFile; fileRef = C66DAD38E63548968C7D11FF /* cyborg_cs_6.mp3 */; };
		2BA0C8216E684B3299E4F987 /* cyborg_cs_8.mp3 in Resources */ = {isa = PBXBuildFile; fileRef = 9BE0EAF625C649999122CE72 /* cyborg_cs_8.mp3 */; };
		33DFF273F51F41E6A500ADF8 /* coach_female_cs_rest_v2.m4a in Resources */ = {isa = PBXBuildFile; fileRef = D4EA6DA95CA54928969EFDE4 /* coach_female_cs_rest_v2.m4a */; };
		358F0476ACB440D081B597AC /* coach_female_cs_cooldown_v3.m4a in Resources */ = {isa = PBXBuildFile; fileRef = 0A90C233C2AE4FC192B66DBA /* coach_female_cs_cooldown_v3.m4a */; };
		363769309C3C4B00B641419E /* cyborg_cs_recovery.mp3 in Resources */ = {isa = PBXBuildFile; fileRef = B6BDA66EF81F448EBE4D1241 /* cyborg_cs_recovery.mp3 */; };
		3ED4446122B54C9C91B67E90 /* coach_female_cs_half_v2.m4a in Resources */ = {isa = PBXBuildFile; fileRef = 1BC273C356164CB7A214FE23 /* coach_female_cs_half_v2.m4a */; };
		48D8362473E543D9AFBA8BCA /* coach_female_cs_cooldown_short.m4a in Resources */ = {isa = PBXBuildFile; fileRef = A6D7AE3B6C2F40ADB62B7133 /* coach_female_cs_cooldown_short.m4a */; };
		4E6BA1DA00CEBA6B7E5F3765 /* PrivacyInfo.xcprivacy in Resources */ = {isa = PBXBuildFile; fileRef = 13B07FB81A68108700A75B9A /* PrivacyInfo.xcprivacy */; };
		4EC2BEEF8C3D4B29B1A88999 /* coach_female_cs_work_short.m4a in Resources */ = {isa = PBXBuildFile; fileRef = F74138EECBEF46A98F5A11F4 /* coach_female_cs_work_short.m4a */; };
		5490FB8B500A4717AF050DE7 /* BarlowCondensed-Medium.ttf in Resources */ = {isa = PBXBuildFile; fileRef = DF06D7FEA235437E93BAC4C9 /* BarlowCondensed-Medium.ttf */; };
		55A51739A03246D389C2326F /* BarlowCondensed-Bold.ttf in Resources */ = {isa = PBXBuildFile; fileRef = E8108A9A40DD4DF1A98F2286 /* BarlowCondensed-Bold.ttf */; };
		55DC199C4EB94A8F800EBF37 /* coach_female_cs_half_v3.m4a in Resources */ = {isa = PBXBuildFile; fileRef = E908B61B023E45BE9A046AB6 /* coach_female_cs_half_v3.m4a */; };
		56F83B307BBA4CE7A67D0CBC /* coach_female_cs_work_v4.m4a in Resources */ = {isa = PBXBuildFile; fileRef = 00798C7E14A34C23A706D5FC /* coach_female_cs_work_v4.m4a */; };
		59DAD55298CC40BB928EE606 /* cyborg_cs_work.mp3 in Resources */ = {isa = PBXBuildFile; fileRef = 6D1992E897774E5CA3F5A5C8 /* cyborg_cs_work.mp3 */; };
		5EA2D328360942C4A38B90C9 /* thinking_owl.riv in Resources */ = {isa = PBXBuildFile; fileRef = 77B0C69104104885AEB2C5AC /* thinking_owl.riv */; };
		6D67ADA1F1D94B8A97DEAE51 /* coach_female_cs_9.m4a in Resources */ = {isa = PBXBuildFile; fileRef = 63798FE0DF20415C928A3C6A /* coach_female_cs_9.m4a */; };
		761780ED2CA45674006654EE /* AppDelegate.swift in Sources */ = {isa = PBXBuildFile; fileRef = 761780EC2CA45674006654EE /* AppDelegate.swift */; };
		7F5FDC02CCAA498683E53A1C /* cyborg_cs_5.mp3 in Resources */ = {isa = PBXBuildFile; fileRef = DA989C7691864D15BDE5A364 /* cyborg_cs_5.mp3 */; };
		812E127F8B184B47946A48CE /* warrior_cs_preview.m4a in Resources */ = {isa = PBXBuildFile; fileRef = DA33014863B54AE69F29EBED /* warrior_cs_preview.m4a */; };
		81AB9BB82411601600AC10FF /* LaunchScreen.storyboard in Resources */ = {isa = PBXBuildFile; fileRef = 81AB9BB72411601600AC10FF /* LaunchScreen.storyboard */; };
		81F36D4C1BA545C49B04801C /* coach_female_cs_7.m4a in Resources */ = {isa = PBXBuildFile; fileRef = 0CAC37A1D0F24A38B40C9137 /* coach_female_cs_7.m4a */; };
		83AC1C31FA8B4DC1B71B7AE3 /* coach_female_cs_6.m4a in Resources */ = {isa = PBXBuildFile; fileRef = 860E666D7DC64FAF80891D6E /* coach_female_cs_6.m4a */; };
		89F7192F28494610AB7A85CA /* cyborg_cs_1.mp3 in Resources */ = {isa = PBXBuildFile; fileRef = 8CE0062520144E75B3B7D72C /* cyborg_cs_1.mp3 */; };
		8D4E4EA71A864891B0FDD901 /* BarlowCondensed-ExtraBold.ttf in Resources */ = {isa = PBXBuildFile; fileRef = 2F9F99C466A14844B01E887D /* BarlowCondensed-ExtraBold.ttf */; };
		8E18ADF92ABA412C9AE02323 /* BarlowCondensed-Black.ttf in Resources */ = {isa = PBXBuildFile; fileRef = 14EADB51CA5A415A8F8F0C5A /* BarlowCondensed-Black.ttf */; };
		908498F377D947CABEC58655 /* BarlowCondensed-SemiBold.ttf in Resources */ = {isa = PBXBuildFile; fileRef = 44A439D5B5A644B59050302F /* BarlowCondensed-SemiBold.ttf */; };
		930509FEB71242C3B6841150 /* coach_female_cs_rest_short.m4a in Resources */ = {isa = PBXBuildFile; fileRef = A1B4556286864C5FAD13DF35 /* coach_female_cs_rest_short.m4a */; };
		94C26F8C62B9498EAEA6F5E2 /* cyborg_cs_10.mp3 in Resources */ = {isa = PBXBuildFile; fileRef = 2846F4DE68144D70A15A0404 /* cyborg_cs_10.mp3 */; };
		94DAD0FADD9F498886D33920 /* coach_female_cs_finish_v3.m4a in Resources */ = {isa = PBXBuildFile; fileRef = 3542DDDCDA11436AA2C87E55 /* coach_female_cs_finish_v3.m4a */; };
		9C0853B231EC41ED8A12D502 /* cyborg_cs_rest.mp3 in Resources */ = {isa = PBXBuildFile; fileRef = E9FC31CB975A4E2093B531E7 /* cyborg_cs_rest.mp3 */; };
		A39BBADE492C4339B6A91724 /* coach_female_cs_work_v2.m4a in Resources */ = {isa = PBXBuildFile; fileRef = 7F6A040615A34294A9E00120 /* coach_female_cs_work_v2.m4a */; };
		A3EE1B43353346659E97452D /* coach_female_cs_work_v1.m4a in Resources */ = {isa = PBXBuildFile; fileRef = A5AB5CF4EC1C4DB5BE689DE5 /* coach_female_cs_work_v1.m4a */; };
		A5CC3DE9A49F44629B100C5B /* coach_female_cs_recovery_short.m4a in Resources */ = {isa = PBXBuildFile; fileRef = F496C394F9454791B2712468 /* coach_female_cs_recovery_short.m4a */; };
		A695A5AD32CF423B8B4C244A /* cyborg_cs_finish.mp3 in Resources */ = {isa = PBXBuildFile; fileRef = 9B74D2AFB95D4792B641842C /* cyborg_cs_finish.mp3 */; };
		A82B012B3C7845048822678A /* cyborg_cs_4.mp3 in Resources */ = {isa = PBXBuildFile; fileRef = 747258AC8CC3473383956157 /* cyborg_cs_4.mp3 */; };
		B4BDCB324A534453BF8F59AD /* coach_female_cs_5.m4a in Resources */ = {isa = PBXBuildFile; fileRef = 46B947F4AD154C79949B5913 /* coach_female_cs_5.m4a */; };
		BBBB21C74C07465CB483F57A /* coach_female_cs_cooldown_v1.m4a in Resources */ = {isa = PBXBuildFile; fileRef = 0728B892B0C545E9AA318B27 /* coach_female_cs_cooldown_v1.m4a */; };
		BFFC125F522E42429AB1F86E /* coach_female_cs_half_v1.m4a in Resources */ = {isa = PBXBuildFile; fileRef = 3E1980FFB2A144FD86962A77 /* coach_female_cs_half_v1.m4a */; };
		C44DFD496ADC4C9F9E516D84 /* cyborg_cs_3.mp3 in Resources */ = {isa = PBXBuildFile; fileRef = 994391A73E824F7392456B9E /* cyborg_cs_3.mp3 */; };
		C5B8A2229A4B483684AA6433 /* coach_female_cs_cooldown_v2.m4a in Resources */ = {isa = PBXBuildFile; fileRef = 4B0172B6571749D1A65D9037 /* coach_female_cs_cooldown_v2.m4a */; };
		C991BEE204AA41A295F2A6EA /* coach_female_cs_work_v3.m4a in Resources */ = {isa = PBXBuildFile; fileRef = 5FD25BB572B64F2585D74365 /* coach_female_cs_work_v3.m4a */; };
		CACAD599F5744EC0981552B4 /* coach_female_cs_finish_v1.m4a in Resources */ = {isa = PBXBuildFile; fileRef = C94D637E75274E4792097E76 /* coach_female_cs_finish_v1.m4a */; };
		D1CE461CEF1446CEA671322B /* cyborg_cs_2.mp3 in Resources */ = {isa = PBXBuildFile; fileRef = 0D0F84F2F17045FCB80B1637 /* cyborg_cs_2.mp3 */; };
		D27B76F26D4E4D19BFE491F5 /* coach_female_cs_preview.m4a in Resources */ = {isa = PBXBuildFile; fileRef = E68AAE476C0B435D8C73486E /* coach_female_cs_preview.m4a */; };
		D6560361AD9443B5BDC58F89 /* coach_female_cs_4.m4a in Resources */ = {isa = PBXBuildFile; fileRef = 07F1F7A4461143CB979E0E40 /* coach_female_cs_4.m4a */; };
		DC0FC932CA444EDB9B443694 /* coach_female_cs_1.m4a in Resources */ = {isa = PBXBuildFile; fileRef = 663E6D23D48C420593D996F3 /* coach_female_cs_1.m4a */; };
		E5344403ED644F718D0F6D9A /* wizard_cs_preview.m4a in Resources */ = {isa = PBXBuildFile; fileRef = 442A6D31A59C4F8AB83B0293 /* wizard_cs_preview.m4a */; };
		ED837E99D1D84D6284B6D0EA /* BarlowCondensed-Light.ttf in Resources */ = {isa = PBXBuildFile; fileRef = F35558F7F9F141358037BB32 /* BarlowCondensed-Light.ttf */; };
		F4430B5791654C0DBC8DE015 /* coach_female_cs_rest_v1.m4a in Resources */ = {isa = PBXBuildFile; fileRef = 51B3C014F08C400F82CC5082 /* coach_female_cs_rest_v1.m4a */; };
		F65616492F1143EC9FD78527 /* coach_female_cs_8.m4a in Resources */ = {isa = PBXBuildFile; fileRef = 5CF1173627A5446BBAFD12F1 /* coach_female_cs_8.m4a */; };
		F795EBC6558A426FAAE915D4 /* loader.riv in Resources */ = {isa = PBXBuildFile; fileRef = 75D6891E9BCF4AFE9E55D8E3 /* loader.riv */; };
		FA3CB304AF0B4FE48377C678 /* cyborg_cs_cooldown.mp3 in Resources */ = {isa = PBXBuildFile; fileRef = 67CD6251ED614CF3A93A8808 /* cyborg_cs_cooldown.mp3 */; };
		FB52F62E67ED45939EEFE273 /* confetti.riv in Resources */ = {isa = PBXBuildFile; fileRef = 276BDF320A7942F4874F858D /* confetti.riv */; };
		FDACE76A40324B5189903182 /* coach_female_cs_2.m4a in Resources */ = {isa = PBXBuildFile; fileRef = E40ABB1CEDD5466C994D87AB /* coach_female_cs_2.m4a */; };
		6420D3610DDE43139A34541C /* coach_female_cs_recovery_v1.m4a in Resources */ = {isa = PBXBuildFile; fileRef = FCBC2F974CB14A3FA195A4B7 /* coach_female_cs_recovery_v1.m4a */; };
		FC6E33C100444B28939576AF /* coach_female_cs_recovery_v2.m4a in Resources */ = {isa = PBXBuildFile; fileRef = 359FB8950C724E6087D94FBF /* coach_female_cs_recovery_v2.m4a */; };
		5F41BC3BA0C34860ACD6E722 /* coach_female_cs_recovery_v3.m4a in Resources */ = {isa = PBXBuildFile; fileRef = C22A39844F0044BD97749673 /* coach_female_cs_recovery_v3.m4a */; };
		74F75B0964354BB4BBDB45D9 /* coach_female_cs_warmup_v1.m4a in Resources */ = {isa = PBXBuildFile; fileRef = 5ECB989ECE3D4ADCA86EE9D5 /* coach_female_cs_warmup_v1.m4a */; };
		78B90BB1B6C24A03BF2FABA3 /* coach_female_cs_warmup_v2.m4a in Resources */ = {isa = PBXBuildFile; fileRef = 6D759724F7C041E9968255F4 /* coach_female_cs_warmup_v2.m4a */; };
		F96F23FE1FF74FBCA31747ED /* coach_female_cs_warmup_v3.m4a in Resources */ = {isa = PBXBuildFile; fileRef = 6F594574673B440FBA3D5FB5 /* coach_female_cs_warmup_v3.m4a */; };
		52190258AB3342BB99BC8464 /* coach_female_cs_warmup_short.m4a in Resources */ = {isa = PBXBuildFile; fileRef = D0F42205E71C491D9CC3B9C2 /* coach_female_cs_warmup_short.m4a */; };
/* End PBXBuildFile section */

/* Begin PBXFileReference section */
		00798C7E14A34C23A706D5FC /* coach_female_cs_work_v4.m4a */ = {isa = PBXFileReference; explicitFileType = undefined; fileEncoding = 9; includeInIndex = 0; lastKnownFileType = unknown; name = coach_female_cs_work_v4.m4a; path = ../src/assets/audio/workout/voices/coach/female/cs/coach_female_cs_work_v4.m4a; sourceTree = "<group>"; };
		0728B892B0C545E9AA318B27 /* coach_female_cs_cooldown_v1.m4a */ = {isa = PBXFileReference; explicitFileType = undefined; fileEncoding = 9; includeInIndex = 0; lastKnownFileType = unknown; name = coach_female_cs_cooldown_v1.m4a; path = ../src/assets/audio/workout/voices/coach/female/cs/coach_female_cs_cooldown_v1.m4a; sourceTree = "<group>"; };
		07F1F7A4461143CB979E0E40 /* coach_female_cs_4.m4a */ = {isa = PBXFileReference; explicitFileType = undefined; fileEncoding = 9; includeInIndex = 0; lastKnownFileType = unknown; name = coach_female_cs_4.m4a; path = ../src/assets/audio/workout/voices/coach/female/cs/coach_female_cs_4.m4a; sourceTree = "<group>"; };
		096B80E02F4DABF500231B6D /* AVFoundation.framework */ = {isa = PBXFileReference; lastKnownFileType = wrapper.framework; name = AVFoundation.framework; path = System/Library/Frameworks/AVFoundation.framework; sourceTree = SDKROOT; };
		0A90C233C2AE4FC192B66DBA /* coach_female_cs_cooldown_v3.m4a */ = {isa = PBXFileReference; explicitFileType = undefined; fileEncoding = 9; includeInIndex = 0; lastKnownFileType = unknown; name = coach_female_cs_cooldown_v3.m4a; path = ../src/assets/audio/workout/voices/coach/female/cs/coach_female_cs_cooldown_v3.m4a; sourceTree = "<group>"; };
		0CAC37A1D0F24A38B40C9137 /* coach_female_cs_7.m4a */ = {isa = PBXFileReference; explicitFileType = undefined; fileEncoding = 9; includeInIndex = 0; lastKnownFileType = unknown; name = coach_female_cs_7.m4a; path = ../src/assets/audio/workout/voices/coach/female/cs/coach_female_cs_7.m4a; sourceTree = "<group>"; };
		0D0F84F2F17045FCB80B1637 /* cyborg_cs_2.mp3 */ = {isa = PBXFileReference; explicitFileType = undefined; fileEncoding = 9; includeInIndex = 0; lastKnownFileType = unknown; name = cyborg_cs_2.mp3; path = ../src/assets/audio/workout/characters/cyborg/cs/cyborg_cs_2.mp3; sourceTree = "<group>"; };
		13B07F961A680F5B00A75B9A /* GoAndRest.app */ = {isa = PBXFileReference; explicitFileType = wrapper.application; includeInIndex = 0; path = GoAndRest.app; sourceTree = BUILT_PRODUCTS_DIR; };
		13B07FB51A68108700A75B9A /* Images.xcassets */ = {isa = PBXFileReference; lastKnownFileType = folder.assetcatalog; name = Images.xcassets; path = GoAndRest/Images.xcassets; sourceTree = "<group>"; };
		13B07FB61A68108700A75B9A /* Info.plist */ = {isa = PBXFileReference; fileEncoding = 4; lastKnownFileType = text.plist.xml; name = Info.plist; path = GoAndRest/Info.plist; sourceTree = "<group>"; };
		13B07FB81A68108700A75B9A /* PrivacyInfo.xcprivacy */ = {isa = PBXFileReference; fileEncoding = 4; lastKnownFileType = text.plist.xml; name = PrivacyInfo.xcprivacy; path = GoAndRest/PrivacyInfo.xcprivacy; sourceTree = "<group>"; };
		14EADB51CA5A415A8F8F0C5A /* BarlowCondensed-Black.ttf */ = {isa = PBXFileReference; explicitFileType = undefined; fileEncoding = 9; includeInIndex = 0; lastKnownFileType = unknown; name = "BarlowCondensed-Black.ttf"; path = "../src/assets/fonts/BarlowCondensed-Black.ttf"; sourceTree = "<group>"; };
		1B8D98FE958E4932B22D3777 /* cyborg_cs_9.mp3 */ = {isa = PBXFileReference; explicitFileType = undefined; fileEncoding = 9; includeInIndex = 0; lastKnownFileType = unknown; name = cyborg_cs_9.mp3; path = ../src/assets/audio/workout/characters/cyborg/cs/cyborg_cs_9.mp3; sourceTree = "<group>"; };
		1BC273C356164CB7A214FE23 /* coach_female_cs_half_v2.m4a */ = {isa = PBXFileReference; explicitFileType = undefined; fileEncoding = 9; includeInIndex = 0; lastKnownFileType = unknown; name = coach_female_cs_half_v2.m4a; path = ../src/assets/audio/workout/voices/coach/female/cs/coach_female_cs_half_v2.m4a; sourceTree = "<group>"; };
		276BDF320A7942F4874F858D /* confetti.riv */ = {isa = PBXFileReference; explicitFileType = undefined; fileEncoding = 9; includeInIndex = 0; lastKnownFileType = unknown; name = confetti.riv; path = ../src/assets/animations/confetti.riv; sourceTree = "<group>"; };
		2846F4DE68144D70A15A0404 /* cyborg_cs_10.mp3 */ = {isa = PBXFileReference; explicitFileType = undefined; fileEncoding = 9; includeInIndex = 0; lastKnownFileType = unknown; name = cyborg_cs_10.mp3; path = ../src/assets/audio/workout/characters/cyborg/cs/cyborg_cs_10.mp3; sourceTree = "<group>"; };
		2A18B903C91945DBA5B1F4F9 /* BarlowCondensed-Regular.ttf */ = {isa = PBXFileReference; explicitFileType = undefined; fileEncoding = 9; includeInIndex = 0; lastKnownFileType = unknown; name = "BarlowCondensed-Regular.ttf"; path = "../src/assets/fonts/BarlowCondensed-Regular.ttf"; sourceTree = "<group>"; };
		2F9F99C466A14844B01E887D /* BarlowCondensed-ExtraBold.ttf */ = {isa = PBXFileReference; explicitFileType = undefined; fileEncoding = 9; includeInIndex = 0; lastKnownFileType = unknown; name = "BarlowCondensed-ExtraBold.ttf"; path = "../src/assets/fonts/BarlowCondensed-ExtraBold.ttf"; sourceTree = "<group>"; };
		342A702B36C74041A94BED79 /* coach_female_cs_3.m4a */ = {isa = PBXFileReference; explicitFileType = undefined; fileEncoding = 9; includeInIndex = 0; lastKnownFileType = unknown; name = coach_female_cs_3.m4a; path = ../src/assets/audio/workout/voices/coach/female/cs/coach_female_cs_3.m4a; sourceTree = "<group>"; };
		3542DDDCDA11436AA2C87E55 /* coach_female_cs_finish_v3.m4a */ = {isa = PBXFileReference; explicitFileType = undefined; fileEncoding = 9; includeInIndex = 0; lastKnownFileType = unknown; name = coach_female_cs_finish_v3.m4a; path = ../src/assets/audio/workout/voices/coach/female/cs/coach_female_cs_finish_v3.m4a; sourceTree = "<group>"; };
		3B4392A12AC88292D35C810B /* Pods-GoAndRest.debug.xcconfig */ = {isa = PBXFileReference; includeInIndex = 1; lastKnownFileType = text.xcconfig; name = "Pods-GoAndRest.debug.xcconfig"; path = "Target Support Files/Pods-GoAndRest/Pods-GoAndRest.debug.xcconfig"; sourceTree = "<group>"; };
		3E1980FFB2A144FD86962A77 /* coach_female_cs_half_v1.m4a */ = {isa = PBXFileReference; explicitFileType = undefined; fileEncoding = 9; includeInIndex = 0; lastKnownFileType = unknown; name = coach_female_cs_half_v1.m4a; path = ../src/assets/audio/workout/voices/coach/female/cs/coach_female_cs_half_v1.m4a; sourceTree = "<group>"; };
		442A6D31A59C4F8AB83B0293 /* wizard_cs_preview.m4a */ = {isa = PBXFileReference; explicitFileType = undefined; fileEncoding = 9; includeInIndex = 0; lastKnownFileType = unknown; name = wizard_cs_preview.m4a; path = ../src/assets/audio/preview/characters/wizard/wizard_cs_preview.m4a; sourceTree = "<group>"; };
		449C0C0332D9402AB4DFCD43 /* cyborg_cs_warmup.mp3 */ = {isa = PBXFileReference; explicitFileType = undefined; fileEncoding = 9; includeInIndex = 0; lastKnownFileType = unknown; name = cyborg_cs_warmup.mp3; path = ../src/assets/audio/workout/characters/cyborg/cs/cyborg_cs_warmup.mp3; sourceTree = "<group>"; };
		44A439D5B5A644B59050302F /* BarlowCondensed-SemiBold.ttf */ = {isa = PBXFileReference; explicitFileType = undefined; fileEncoding = 9; includeInIndex = 0; lastKnownFileType = unknown; name = "BarlowCondensed-SemiBold.ttf"; path = "../src/assets/fonts/BarlowCondensed-SemiBold.ttf"; sourceTree = "<group>"; };
		46B947F4AD154C79949B5913 /* coach_female_cs_5.m4a */ = {isa = PBXFileReference; explicitFileType = undefined; fileEncoding = 9; includeInIndex = 0; lastKnownFileType = unknown; name = coach_female_cs_5.m4a; path = ../src/assets/audio/workout/voices/coach/female/cs/coach_female_cs_5.m4a; sourceTree = "<group>"; };
		4B0172B6571749D1A65D9037 /* coach_female_cs_cooldown_v2.m4a */ = {isa = PBXFileReference; explicitFileType = undefined; fileEncoding = 9; includeInIndex = 0; lastKnownFileType = unknown; name = coach_female_cs_cooldown_v2.m4a; path = ../src/assets/audio/workout/voices/coach/female/cs/coach_female_cs_cooldown_v2.m4a; sourceTree = "<group>"; };
		51B3C014F08C400F82CC5082 /* coach_female_cs_rest_v1.m4a */ = {isa = PBXFileReference; explicitFileType = undefined; fileEncoding = 9; includeInIndex = 0; lastKnownFileType = unknown; name = coach_female_cs_rest_v1.m4a; path = ../src/assets/audio/workout/voices/coach/female/cs/coach_female_cs_rest_v1.m4a; sourceTree = "<group>"; };
		5709B34CF0A7D63546082F79 /* Pods-GoAndRest.release.xcconfig */ = {isa = PBXFileReference; includeInIndex = 1; lastKnownFileType = text.xcconfig; name = "Pods-GoAndRest.release.xcconfig"; path = "Target Support Files/Pods-GoAndRest/Pods-GoAndRest.release.xcconfig"; sourceTree = "<group>"; };
		5CF1173627A5446BBAFD12F1 /* coach_female_cs_8.m4a */ = {isa = PBXFileReference; explicitFileType = undefined; fileEncoding = 9; includeInIndex = 0; lastKnownFileType = unknown; name = coach_female_cs_8.m4a; path = ../src/assets/audio/workout/voices/coach/female/cs/coach_female_cs_8.m4a; sourceTree = "<group>"; };
		5DCACB8F33CDC322A6C60F78 /* libPods-GoAndRest.a */ = {isa = PBXFileReference; explicitFileType = archive.ar; includeInIndex = 0; path = "libPods-GoAndRest.a"; sourceTree = BUILT_PRODUCTS_DIR; };
		5FD25BB572B64F2585D74365 /* coach_female_cs_work_v3.m4a */ = {isa = PBXFileReference; explicitFileType = undefined; fileEncoding = 9; includeInIndex = 0; lastKnownFileType = unknown; name = coach_female_cs_work_v3.m4a; path = ../src/assets/audio/workout/voices/coach/female/cs/coach_female_cs_work_v3.m4a; sourceTree = "<group>"; };
		63798FE0DF20415C928A3C6A /* coach_female_cs_9.m4a */ = {isa = PBXFileReference; explicitFileType = undefined; fileEncoding = 9; includeInIndex = 0; lastKnownFileType = unknown; name = coach_female_cs_9.m4a; path = ../src/assets/audio/workout/voices/coach/female/cs/coach_female_cs_9.m4a; sourceTree = "<group>"; };
		663E6D23D48C420593D996F3 /* coach_female_cs_1.m4a */ = {isa = PBXFileReference; explicitFileType = undefined; fileEncoding = 9; includeInIndex = 0; lastKnownFileType = unknown; name = coach_female_cs_1.m4a; path = ../src/assets/audio/workout/voices/coach/female/cs/coach_female_cs_1.m4a; sourceTree = "<group>"; };
		676F5344593C4B40BFC7076E /* cyborg_cs_half.mp3 */ = {isa = PBXFileReference; explicitFileType = undefined; fileEncoding = 9; includeInIndex = 0; lastKnownFileType = unknown; name = cyborg_cs_half.mp3; path = ../src/assets/audio/workout/characters/cyborg/cs/cyborg_cs_half.mp3; sourceTree = "<group>"; };
		67CD6251ED614CF3A93A8808 /* cyborg_cs_cooldown.mp3 */ = {isa = PBXFileReference; explicitFileType = undefined; fileEncoding = 9; includeInIndex = 0; lastKnownFileType = unknown; name = cyborg_cs_cooldown.mp3; path = ../src/assets/audio/workout/characters/cyborg/cs/cyborg_cs_cooldown.mp3; sourceTree = "<group>"; };
		6D1992E897774E5CA3F5A5C8 /* cyborg_cs_work.mp3 */ = {isa = PBXFileReference; explicitFileType = undefined; fileEncoding = 9; includeInIndex = 0; lastKnownFileType = unknown; name = cyborg_cs_work.mp3; path = ../src/assets/audio/workout/characters/cyborg/cs/cyborg_cs_work.mp3; sourceTree = "<group>"; };
		747258AC8CC3473383956157 /* cyborg_cs_4.mp3 */ = {isa = PBXFileReference; explicitFileType = undefined; fileEncoding = 9; includeInIndex = 0; lastKnownFileType = unknown; name = cyborg_cs_4.mp3; path = ../src/assets/audio/workout/characters/cyborg/cs/cyborg_cs_4.mp3; sourceTree = "<group>"; };
		75D6891E9BCF4AFE9E55D8E3 /* loader.riv */ = {isa = PBXFileReference; explicitFileType = undefined; fileEncoding = 9; includeInIndex = 0; lastKnownFileType = unknown; name = loader.riv; path = ../src/assets/animations/loader.riv; sourceTree = "<group>"; };
		761780EC2CA45674006654EE /* AppDelegate.swift */ = {isa = PBXFileReference; lastKnownFileType = sourcecode.swift; name = AppDelegate.swift; path = GoAndRest/AppDelegate.swift; sourceTree = "<group>"; };
		77B0C69104104885AEB2C5AC /* thinking_owl.riv */ = {isa = PBXFileReference; explicitFileType = undefined; fileEncoding = 9; includeInIndex = 0; lastKnownFileType = unknown; name = thinking_owl.riv; path = ../src/assets/animations/thinking_owl.riv; sourceTree = "<group>"; };
		7F6A040615A34294A9E00120 /* coach_female_cs_work_v2.m4a */ = {isa = PBXFileReference; explicitFileType = undefined; fileEncoding = 9; includeInIndex = 0; lastKnownFileType = unknown; name = coach_female_cs_work_v2.m4a; path = ../src/assets/audio/workout/voices/coach/female/cs/coach_female_cs_work_v2.m4a; sourceTree = "<group>"; };
		81AB9BB72411601600AC10FF /* LaunchScreen.storyboard */ = {isa = PBXFileReference; fileEncoding = 4; lastKnownFileType = file.storyboard; name = LaunchScreen.storyboard; path = GoAndRest/LaunchScreen.storyboard; sourceTree = "<group>"; };
		860E666D7DC64FAF80891D6E /* coach_female_cs_6.m4a */ = {isa = PBXFileReference; explicitFileType = undefined; fileEncoding = 9; includeInIndex = 0; lastKnownFileType = unknown; name = coach_female_cs_6.m4a; path = ../src/assets/audio/workout/voices/coach/female/cs/coach_female_cs_6.m4a; sourceTree = "<group>"; };
		8BB904E36CF3478FBF4B3ACC /* coach_female_cs_10.m4a */ = {isa = PBXFileReference; explicitFileType = undefined; fileEncoding = 9; includeInIndex = 0; lastKnownFileType = unknown; name = coach_female_cs_10.m4a; path = ../src/assets/audio/workout/voices/coach/female/cs/coach_female_cs_10.m4a; sourceTree = "<group>"; };
		8CE0062520144E75B3B7D72C /* cyborg_cs_1.mp3 */ = {isa = PBXFileReference; explicitFileType = undefined; fileEncoding = 9; includeInIndex = 0; lastKnownFileType = unknown; name = cyborg_cs_1.mp3; path = ../src/assets/audio/workout/characters/cyborg/cs/cyborg_cs_1.mp3; sourceTree = "<group>"; };
		97A200D52E8D4CB4B9EF6691 /* cyborg_cs_preview.m4a */ = {isa = PBXFileReference; explicitFileType = undefined; fileEncoding = 9; includeInIndex = 0; lastKnownFileType = unknown; name = cyborg_cs_preview.m4a; path = ../src/assets/audio/preview/characters/cyborg/cyborg_cs_preview.m4a; sourceTree = "<group>"; };
		994391A73E824F7392456B9E /* cyborg_cs_3.mp3 */ = {isa = PBXFileReference; explicitFileType = undefined; fileEncoding = 9; includeInIndex = 0; lastKnownFileType = unknown; name = cyborg_cs_3.mp3; path = ../src/assets/audio/workout/characters/cyborg/cs/cyborg_cs_3.mp3; sourceTree = "<group>"; };
		9B66609FC715443AB923E866 /* coach_female_cs_rest_v3.m4a */ = {isa = PBXFileReference; explicitFileType = undefined; fileEncoding = 9; includeInIndex = 0; lastKnownFileType = unknown; name = coach_female_cs_rest_v3.m4a; path = ../src/assets/audio/workout/voices/coach/female/cs/coach_female_cs_rest_v3.m4a; sourceTree = "<group>"; };
		9B74D2AFB95D4792B641842C /* cyborg_cs_finish.mp3 */ = {isa = PBXFileReference; explicitFileType = undefined; fileEncoding = 9; includeInIndex = 0; lastKnownFileType = unknown; name = cyborg_cs_finish.mp3; path = ../src/assets/audio/workout/characters/cyborg/cs/cyborg_cs_finish.mp3; sourceTree = "<group>"; };
		9BE0EAF625C649999122CE72 /* cyborg_cs_8.mp3 */ = {isa = PBXFileReference; explicitFileType = undefined; fileEncoding = 9; includeInIndex = 0; lastKnownFileType = unknown; name = cyborg_cs_8.mp3; path = ../src/assets/audio/workout/characters/cyborg/cs/cyborg_cs_8.mp3; sourceTree = "<group>"; };
		A1B4556286864C5FAD13DF35 /* coach_female_cs_rest_short.m4a */ = {isa = PBXFileReference; explicitFileType = undefined; fileEncoding = 9; includeInIndex = 0; lastKnownFileType = unknown; name = coach_female_cs_rest_short.m4a; path = ../src/assets/audio/workout/voices/coach/female/cs/coach_female_cs_rest_short.m4a; sourceTree = "<group>"; };
		A5AB5CF4EC1C4DB5BE689DE5 /* coach_female_cs_work_v1.m4a */ = {isa = PBXFileReference; explicitFileType = undefined; fileEncoding = 9; includeInIndex = 0; lastKnownFileType = unknown; name = coach_female_cs_work_v1.m4a; path = ../src/assets/audio/workout/voices/coach/female/cs/coach_female_cs_work_v1.m4a; sourceTree = "<group>"; };
		A6D7AE3B6C2F40ADB62B7133 /* coach_female_cs_cooldown_short.m4a */ = {isa = PBXFileReference; explicitFileType = undefined; fileEncoding = 9; includeInIndex = 0; lastKnownFileType = unknown; name = coach_female_cs_cooldown_short.m4a; path = ../src/assets/audio/workout/voices/coach/female/cs/coach_female_cs_cooldown_short.m4a; sourceTree = "<group>"; };
		B6BDA66EF81F448EBE4D1241 /* cyborg_cs_recovery.mp3 */ = {isa = PBXFileReference; explicitFileType = undefined; fileEncoding = 9; includeInIndex = 0; lastKnownFileType = unknown; name = cyborg_cs_recovery.mp3; path = ../src/assets/audio/workout/characters/cyborg/cs/cyborg_cs_recovery.mp3; sourceTree = "<group>"; };
		C66DAD38E63548968C7D11FF /* cyborg_cs_6.mp3 */ = {isa = PBXFileReference; explicitFileType = undefined; fileEncoding = 9; includeInIndex = 0; lastKnownFileType = unknown; name = cyborg_cs_6.mp3; path = ../src/assets/audio/workout/characters/cyborg/cs/cyborg_cs_6.mp3; sourceTree = "<group>"; };
		C94D637E75274E4792097E76 /* coach_female_cs_finish_v1.m4a */ = {isa = PBXFileReference; explicitFileType = undefined; fileEncoding = 9; includeInIndex = 0; lastKnownFileType = unknown; name = coach_female_cs_finish_v1.m4a; path = ../src/assets/audio/workout/voices/coach/female/cs/coach_female_cs_finish_v1.m4a; sourceTree = "<group>"; };
		CA383C35A66E4D398C758CC2 /* coach_female_cs_finish_v2.m4a */ = {isa = PBXFileReference; explicitFileType = undefined; fileEncoding = 9; includeInIndex = 0; lastKnownFileType = unknown; name = coach_female_cs_finish_v2.m4a; path = ../src/assets/audio/workout/voices/coach/female/cs/coach_female_cs_finish_v2.m4a; sourceTree = "<group>"; };
		D19975D1C0814AD7B84A31A6 /* cyborg_cs_7.mp3 */ = {isa = PBXFileReference; explicitFileType = undefined; fileEncoding = 9; includeInIndex = 0; lastKnownFileType = unknown; name = cyborg_cs_7.mp3; path = ../src/assets/audio/workout/characters/cyborg/cs/cyborg_cs_7.mp3; sourceTree = "<group>"; };
		D4EA6DA95CA54928969EFDE4 /* coach_female_cs_rest_v2.m4a */ = {isa = PBXFileReference; explicitFileType = undefined; fileEncoding = 9; includeInIndex = 0; lastKnownFileType = unknown; name = coach_female_cs_rest_v2.m4a; path = ../src/assets/audio/workout/voices/coach/female/cs/coach_female_cs_rest_v2.m4a; sourceTree = "<group>"; };
		DA33014863B54AE69F29EBED /* warrior_cs_preview.m4a */ = {isa = PBXFileReference; explicitFileType = undefined; fileEncoding = 9; includeInIndex = 0; lastKnownFileType = unknown; name = warrior_cs_preview.m4a; path = ../src/assets/audio/preview/characters/warrior/warrior_cs_preview.m4a; sourceTree = "<group>"; };
		DA989C7691864D15BDE5A364 /* cyborg_cs_5.mp3 */ = {isa = PBXFileReference; explicitFileType = undefined; fileEncoding = 9; includeInIndex = 0; lastKnownFileType = unknown; name = cyborg_cs_5.mp3; path = ../src/assets/audio/workout/characters/cyborg/cs/cyborg_cs_5.mp3; sourceTree = "<group>"; };
		DF06D7FEA235437E93BAC4C9 /* BarlowCondensed-Medium.ttf */ = {isa = PBXFileReference; explicitFileType = undefined; fileEncoding = 9; includeInIndex = 0; lastKnownFileType = unknown; name = "BarlowCondensed-Medium.ttf"; path = "../src/assets/fonts/BarlowCondensed-Medium.ttf"; sourceTree = "<group>"; };
		E40ABB1CEDD5466C994D87AB /* coach_female_cs_2.m4a */ = {isa = PBXFileReference; explicitFileType = undefined; fileEncoding = 9; includeInIndex = 0; lastKnownFileType = unknown; name = coach_female_cs_2.m4a; path = ../src/assets/audio/workout/voices/coach/female/cs/coach_female_cs_2.m4a; sourceTree = "<group>"; };
		E68AAE476C0B435D8C73486E /* coach_female_cs_preview.m4a */ = {isa = PBXFileReference; explicitFileType = undefined; fileEncoding = 9; includeInIndex = 0; lastKnownFileType = unknown; name = coach_female_cs_preview.m4a; path = ../src/assets/audio/preview/voices/coach/female/coach_female_cs_preview.m4a; sourceTree = "<group>"; };
		E8108A9A40DD4DF1A98F2286 /* BarlowCondensed-Bold.ttf */ = {isa = PBXFileReference; explicitFileType = undefined; fileEncoding = 9; includeInIndex = 0; lastKnownFileType = unknown; name = "BarlowCondensed-Bold.ttf"; path = "../src/assets/fonts/BarlowCondensed-Bold.ttf"; sourceTree = "<group>"; };
		E908B61B023E45BE9A046AB6 /* coach_female_cs_half_v3.m4a */ = {isa = PBXFileReference; explicitFileType = undefined; fileEncoding = 9; includeInIndex = 0; lastKnownFileType = unknown; name = coach_female_cs_half_v3.m4a; path = ../src/assets/audio/workout/voices/coach/female/cs/coach_female_cs_half_v3.m4a; sourceTree = "<group>"; };
		E9FC31CB975A4E2093B531E7 /* cyborg_cs_rest.mp3 */ = {isa = PBXFileReference; explicitFileType = undefined; fileEncoding = 9; includeInIndex = 0; lastKnownFileType = unknown; name = cyborg_cs_rest.mp3; path = ../src/assets/audio/workout/characters/cyborg/cs/cyborg_cs_rest.mp3; sourceTree = "<group>"; };
		ED297162215061F000B7C4FE /* JavaScriptCore.framework */ = {isa = PBXFileReference; lastKnownFileType = wrapper.framework; name = JavaScriptCore.framework; path = System/Library/Frameworks/JavaScriptCore.framework; sourceTree = SDKROOT; };
		F35558F7F9F141358037BB32 /* BarlowCondensed-Light.ttf */ = {isa = PBXFileReference; explicitFileType = undefined; fileEncoding = 9; includeInIndex = 0; lastKnownFileType = unknown; name = "BarlowCondensed-Light.ttf"; path = "../src/assets/fonts/BarlowCondensed-Light.ttf"; sourceTree = "<group>"; };
		F496C394F9454791B2712468 /* coach_female_cs_recovery_short.m4a */ = {isa = PBXFileReference; explicitFileType = undefined; fileEncoding = 9; includeInIndex = 0; lastKnownFileType = unknown; name = coach_female_cs_recovery_short.m4a; path = ../src/assets/audio/workout/voices/coach/female/cs/coach_female_cs_recovery_short.m4a; sourceTree = "<group>"; };
		F74138EECBEF46A98F5A11F4 /* coach_female_cs_work_short.m4a */ = {isa = PBXFileReference; explicitFileType = undefined; fileEncoding = 9; includeInIndex = 0; lastKnownFileType = unknown; name = coach_female_cs_work_short.m4a; path = ../src/assets/audio/workout/voices/coach/female/cs/coach_female_cs_work_short.m4a; sourceTree = "<group>"; };
		FCBC2F974CB14A3FA195A4B7 /* coach_female_cs_recovery_v1.m4a */ = {isa = PBXFileReference; name = "coach_female_cs_recovery_v1.m4a"; path = "../src/assets/audio/workout/voices/coach/female/cs/coach_female_cs_recovery_v1.m4a"; sourceTree = "<group>"; fileEncoding = undefined; lastKnownFileType = unknown; explicitFileType = undefined; includeInIndex = 0; };
		359FB8950C724E6087D94FBF /* coach_female_cs_recovery_v2.m4a */ = {isa = PBXFileReference; name = "coach_female_cs_recovery_v2.m4a"; path = "../src/assets/audio/workout/voices/coach/female/cs/coach_female_cs_recovery_v2.m4a"; sourceTree = "<group>"; fileEncoding = undefined; lastKnownFileType = unknown; explicitFileType = undefined; includeInIndex = 0; };
		C22A39844F0044BD97749673 /* coach_female_cs_recovery_v3.m4a */ = {isa = PBXFileReference; name = "coach_female_cs_recovery_v3.m4a"; path = "../src/assets/audio/workout/voices/coach/female/cs/coach_female_cs_recovery_v3.m4a"; sourceTree = "<group>"; fileEncoding = undefined; lastKnownFileType = unknown; explicitFileType = undefined; includeInIndex = 0; };
		5ECB989ECE3D4ADCA86EE9D5 /* coach_female_cs_warmup_v1.m4a */ = {isa = PBXFileReference; name = "coach_female_cs_warmup_v1.m4a"; path = "../src/assets/audio/workout/voices/coach/female/cs/coach_female_cs_warmup_v1.m4a"; sourceTree = "<group>"; fileEncoding = undefined; lastKnownFileType = unknown; explicitFileType = undefined; includeInIndex = 0; };
		6D759724F7C041E9968255F4 /* coach_female_cs_warmup_v2.m4a */ = {isa = PBXFileReference; name = "coach_female_cs_warmup_v2.m4a"; path = "../src/assets/audio/workout/voices/coach/female/cs/coach_female_cs_warmup_v2.m4a"; sourceTree = "<group>"; fileEncoding = undefined; lastKnownFileType = unknown; explicitFileType = undefined; includeInIndex = 0; };
		6F594574673B440FBA3D5FB5 /* coach_female_cs_warmup_v3.m4a */ = {isa = PBXFileReference; name = "coach_female_cs_warmup_v3.m4a"; path = "../src/assets/audio/workout/voices/coach/female/cs/coach_female_cs_warmup_v3.m4a"; sourceTree = "<group>"; fileEncoding = undefined; lastKnownFileType = unknown; explicitFileType = undefined; includeInIndex = 0; };
		D0F42205E71C491D9CC3B9C2 /* coach_female_cs_warmup_short.m4a */ = {isa = PBXFileReference; name = "coach_female_cs_warmup_short.m4a"; path = "../src/assets/audio/workout/voices/coach/female/cs/coach_female_cs_warmup_short.m4a"; sourceTree = "<group>"; fileEncoding = undefined; lastKnownFileType = unknown; explicitFileType = undefined; includeInIndex = 0; };
/* End PBXFileReference section */

/* Begin PBXFrameworksBuildPhase section */
		13B07F8C1A680F5B00A75B9A /* Frameworks */ = {
			isa = PBXFrameworksBuildPhase;
			buildActionMask = 2147483647;
			files = (
				096B80E12F4DABF500231B6D /* AVFoundation.framework in Frameworks */,
				0C80B921A6F3F58F76C31292 /* libPods-GoAndRest.a in Frameworks */,
			);
			runOnlyForDeploymentPostprocessing = 0;
		};
/* End PBXFrameworksBuildPhase section */

/* Begin PBXGroup section */
		13B07FAE1A68108700A75B9A /* GoAndRest */ = {
			isa = PBXGroup;
			children = (
				13B07FB51A68108700A75B9A /* Images.xcassets */,
				761780EC2CA45674006654EE /* AppDelegate.swift */,
				13B07FB61A68108700A75B9A /* Info.plist */,
				81AB9BB72411601600AC10FF /* LaunchScreen.storyboard */,
				13B07FB81A68108700A75B9A /* PrivacyInfo.xcprivacy */,
			);
			name = GoAndRest;
			sourceTree = "<group>";
		};
		2D16E6871FA4F8E400B85C8A /* Frameworks */ = {
			isa = PBXGroup;
			children = (
				096B80E02F4DABF500231B6D /* AVFoundation.framework */,
				ED297162215061F000B7C4FE /* JavaScriptCore.framework */,
				5DCACB8F33CDC322A6C60F78 /* libPods-GoAndRest.a */,
			);
			name = Frameworks;
			sourceTree = "<group>";
		};
		53526343431F406ABFF6AA6A /* Resources */ = {
			isa = PBXGroup;
			children = (
				77B0C69104104885AEB2C5AC /* thinking_owl.riv */,
				276BDF320A7942F4874F858D /* confetti.riv */,
				75D6891E9BCF4AFE9E55D8E3 /* loader.riv */,
				E8108A9A40DD4DF1A98F2286 /* BarlowCondensed-Bold.ttf */,
				F35558F7F9F141358037BB32 /* BarlowCondensed-Light.ttf */,
				DF06D7FEA235437E93BAC4C9 /* BarlowCondensed-Medium.ttf */,
				2A18B903C91945DBA5B1F4F9 /* BarlowCondensed-Regular.ttf */,
				44A439D5B5A644B59050302F /* BarlowCondensed-SemiBold.ttf */,
				2F9F99C466A14844B01E887D /* BarlowCondensed-ExtraBold.ttf */,
				14EADB51CA5A415A8F8F0C5A /* BarlowCondensed-Black.ttf */,
				8CE0062520144E75B3B7D72C /* cyborg_cs_1.mp3 */,
				2846F4DE68144D70A15A0404 /* cyborg_cs_10.mp3 */,
				0D0F84F2F17045FCB80B1637 /* cyborg_cs_2.mp3 */,
				994391A73E824F7392456B9E /* cyborg_cs_3.mp3 */,
				747258AC8CC3473383956157 /* cyborg_cs_4.mp3 */,
				DA989C7691864D15BDE5A364 /* cyborg_cs_5.mp3 */,
				C66DAD38E63548968C7D11FF /* cyborg_cs_6.mp3 */,
				D19975D1C0814AD7B84A31A6 /* cyborg_cs_7.mp3 */,
				9BE0EAF625C649999122CE72 /* cyborg_cs_8.mp3 */,
				1B8D98FE958E4932B22D3777 /* cyborg_cs_9.mp3 */,
				67CD6251ED614CF3A93A8808 /* cyborg_cs_cooldown.mp3 */,
				9B74D2AFB95D4792B641842C /* cyborg_cs_finish.mp3 */,
				676F5344593C4B40BFC7076E /* cyborg_cs_half.mp3 */,
				B6BDA66EF81F448EBE4D1241 /* cyborg_cs_recovery.mp3 */,
				E9FC31CB975A4E2093B531E7 /* cyborg_cs_rest.mp3 */,
				449C0C0332D9402AB4DFCD43 /* cyborg_cs_warmup.mp3 */,
				6D1992E897774E5CA3F5A5C8 /* cyborg_cs_work.mp3 */,
				97A200D52E8D4CB4B9EF6691 /* cyborg_cs_preview.m4a */,
				DA33014863B54AE69F29EBED /* warrior_cs_preview.m4a */,
				442A6D31A59C4F8AB83B0293 /* wizard_cs_preview.m4a */,
				E68AAE476C0B435D8C73486E /* coach_female_cs_preview.m4a */,
				663E6D23D48C420593D996F3 /* coach_female_cs_1.m4a */,
				8BB904E36CF3478FBF4B3ACC /* coach_female_cs_10.m4a */,
				E40ABB1CEDD5466C994D87AB /* coach_female_cs_2.m4a */,
				342A702B36C74041A94BED79 /* coach_female_cs_3.m4a */,
				07F1F7A4461143CB979E0E40 /* coach_female_cs_4.m4a */,
				46B947F4AD154C79949B5913 /* coach_female_cs_5.m4a */,
				860E666D7DC64FAF80891D6E /* coach_female_cs_6.m4a */,
				0CAC37A1D0F24A38B40C9137 /* coach_female_cs_7.m4a */,
				5CF1173627A5446BBAFD12F1 /* coach_female_cs_8.m4a */,
				63798FE0DF20415C928A3C6A /* coach_female_cs_9.m4a */,
				A6D7AE3B6C2F40ADB62B7133 /* coach_female_cs_cooldown_short.m4a */,
				0728B892B0C545E9AA318B27 /* coach_female_cs_cooldown_v1.m4a */,
				4B0172B6571749D1A65D9037 /* coach_female_cs_cooldown_v2.m4a */,
				0A90C233C2AE4FC192B66DBA /* coach_female_cs_cooldown_v3.m4a */,
				C94D637E75274E4792097E76 /* coach_female_cs_finish_v1.m4a */,
				CA383C35A66E4D398C758CC2 /* coach_female_cs_finish_v2.m4a */,
				3542DDDCDA11436AA2C87E55 /* coach_female_cs_finish_v3.m4a */,
				3E1980FFB2A144FD86962A77 /* coach_female_cs_half_v1.m4a */,
				1BC273C356164CB7A214FE23 /* coach_female_cs_half_v2.m4a */,
				E908B61B023E45BE9A046AB6 /* coach_female_cs_half_v3.m4a */,
				F496C394F9454791B2712468 /* coach_female_cs_recovery_short.m4a */,
				A1B4556286864C5FAD13DF35 /* coach_female_cs_rest_short.m4a */,
				51B3C014F08C400F82CC5082 /* coach_female_cs_rest_v1.m4a */,
				D4EA6DA95CA54928969EFDE4 /* coach_female_cs_rest_v2.m4a */,
				9B66609FC715443AB923E866 /* coach_female_cs_rest_v3.m4a */,
				F74138EECBEF46A98F5A11F4 /* coach_female_cs_work_short.m4a */,
				A5AB5CF4EC1C4DB5BE689DE5 /* coach_female_cs_work_v1.m4a */,
				7F6A040615A34294A9E00120 /* coach_female_cs_work_v2.m4a */,
				5FD25BB572B64F2585D74365 /* coach_female_cs_work_v3.m4a */,
				00798C7E14A34C23A706D5FC /* coach_female_cs_work_v4.m4a */,
				FCBC2F974CB14A3FA195A4B7 /* coach_female_cs_recovery_v1.m4a */,
				359FB8950C724E6087D94FBF /* coach_female_cs_recovery_v2.m4a */,
				C22A39844F0044BD97749673 /* coach_female_cs_recovery_v3.m4a */,
				5ECB989ECE3D4ADCA86EE9D5 /* coach_female_cs_warmup_v1.m4a */,
				6D759724F7C041E9968255F4 /* coach_female_cs_warmup_v2.m4a */,
				6F594574673B440FBA3D5FB5 /* coach_female_cs_warmup_v3.m4a */,
				D0F42205E71C491D9CC3B9C2 /* coach_female_cs_warmup_short.m4a */,
			);
			name = Resources;
			sourceTree = "<group>";
		};
		832341AE1AAA6A7D00B99B32 /* Libraries */ = {
			isa = PBXGroup;
			children = (
			);
			name = Libraries;
			sourceTree = "<group>";
		};
		83CBB9F61A601CBA00E9B192 = {
			isa = PBXGroup;
			children = (
				13B07FAE1A68108700A75B9A /* GoAndRest */,
				832341AE1AAA6A7D00B99B32 /* Libraries */,
				83CBBA001A601CBA00E9B192 /* Products */,
				2D16E6871FA4F8E400B85C8A /* Frameworks */,
				BBD78D7AC51CEA395F1C20DB /* Pods */,
				53526343431F406ABFF6AA6A /* Resources */,
			);
			indentWidth = 2;
			sourceTree = "<group>";
			tabWidth = 2;
			usesTabs = 0;
		};
		83CBBA001A601CBA00E9B192 /* Products */ = {
			isa = PBXGroup;
			children = (
				13B07F961A680F5B00A75B9A /* GoAndRest.app */,
			);
			name = Products;
			sourceTree = "<group>";
		};
		BBD78D7AC51CEA395F1C20DB /* Pods */ = {
			isa = PBXGroup;
			children = (
				3B4392A12AC88292D35C810B /* Pods-GoAndRest.debug.xcconfig */,
				5709B34CF0A7D63546082F79 /* Pods-GoAndRest.release.xcconfig */,
			);
			path = Pods;
			sourceTree = "<group>";
		};
/* End PBXGroup section */

/* Begin PBXNativeTarget section */
		13B07F861A680F5B00A75B9A /* GoAndRest */ = {
			isa = PBXNativeTarget;
			buildConfigurationList = 13B07F931A680F5B00A75B9A /* Build configuration list for PBXNativeTarget "GoAndRest" */;
			buildPhases = (
				C38B50BA6285516D6DCD4F65 /* [CP] Check Pods Manifest.lock */,
				13B07F871A680F5B00A75B9A /* Sources */,
				13B07F8C1A680F5B00A75B9A /* Frameworks */,
				13B07F8E1A680F5B00A75B9A /* Resources */,
				00DD1BFF1BD5951E006B06BC /* Bundle React Native code and images */,
				00EEFC60759A1932668264C0 /* [CP] Embed Pods Frameworks */,
				E235C05ADACE081382539298 /* [CP] Copy Pods Resources */,
			);
			buildRules = (
			);
			dependencies = (
			);
			name = GoAndRest;
			productName = GoAndRest;
			productReference = 13B07F961A680F5B00A75B9A /* GoAndRest.app */;
			productType = "com.apple.product-type.application";
		};
/* End PBXNativeTarget section */

/* Begin PBXProject section */
		83CBB9F71A601CBA00E9B192 /* Project object */ = {
			isa = PBXProject;
			attributes = {
				LastUpgradeCheck = 1210;
				TargetAttributes = {
					13B07F861A680F5B00A75B9A = {
						LastSwiftMigration = 1120;
					};
				};
			};
			buildConfigurationList = 83CBB9FA1A601CBA00E9B192 /* Build configuration list for PBXProject "GoAndRest" */;
			compatibilityVersion = "Xcode 12.0";
			developmentRegion = en;
			hasScannedForEncodings = 0;
			knownRegions = (
				en,
				Base,
			);
			mainGroup = 83CBB9F61A601CBA00E9B192;
			productRefGroup = 83CBBA001A601CBA00E9B192 /* Products */;
			projectDirPath = "";
			projectRoot = "";
			targets = (
				13B07F861A680F5B00A75B9A /* GoAndRest */,
			);
		};
/* End PBXProject section */

/* Begin PBXResourcesBuildPhase section */
		13B07F8E1A680F5B00A75B9A /* Resources */ = {
			isa = PBXResourcesBuildPhase;
			buildActionMask = 2147483647;
			files = (
				81AB9BB82411601600AC10FF /* LaunchScreen.storyboard in Resources */,
				13B07FBF1A68108700A75B9A /* Images.xcassets in Resources */,
				4E6BA1DA00CEBA6B7E5F3765 /* PrivacyInfo.xcprivacy in Resources */,
				5EA2D328360942C4A38B90C9 /* thinking_owl.riv in Resources */,
				FB52F62E67ED45939EEFE273 /* confetti.riv in Resources */,
				F795EBC6558A426FAAE915D4 /* loader.riv in Resources */,
				55A51739A03246D389C2326F /* BarlowCondensed-Bold.ttf in Resources */,
				ED837E99D1D84D6284B6D0EA /* BarlowCondensed-Light.ttf in Resources */,
				5490FB8B500A4717AF050DE7 /* BarlowCondensed-Medium.ttf in Resources */,
				0E67A6C4A9D342BD872C41B9 /* BarlowCondensed-Regular.ttf in Resources */,
				908498F377D947CABEC58655 /* BarlowCondensed-SemiBold.ttf in Resources */,
				8D4E4EA71A864891B0FDD901 /* BarlowCondensed-ExtraBold.ttf in Resources */,
				8E18ADF92ABA412C9AE02323 /* BarlowCondensed-Black.ttf in Resources */,
				89F7192F28494610AB7A85CA /* cyborg_cs_1.mp3 in Resources */,
				94C26F8C62B9498EAEA6F5E2 /* cyborg_cs_10.mp3 in Resources */,
				D1CE461CEF1446CEA671322B /* cyborg_cs_2.mp3 in Resources */,
				C44DFD496ADC4C9F9E516D84 /* cyborg_cs_3.mp3 in Resources */,
				A82B012B3C7845048822678A /* cyborg_cs_4.mp3 in Resources */,
				7F5FDC02CCAA498683E53A1C /* cyborg_cs_5.mp3 in Resources */,
				2A379FE0027748F8803111F9 /* cyborg_cs_6.mp3 in Resources */,
				093E8FA252194E7F8C82E80D /* cyborg_cs_7.mp3 in Resources */,
				2BA0C8216E684B3299E4F987 /* cyborg_cs_8.mp3 in Resources */,
				0F287FDFF54848ABBD4A95F2 /* cyborg_cs_9.mp3 in Resources */,
				FA3CB304AF0B4FE48377C678 /* cyborg_cs_cooldown.mp3 in Resources */,
				A695A5AD32CF423B8B4C244A /* cyborg_cs_finish.mp3 in Resources */,
				27BD907CFC654A799F344931 /* cyborg_cs_half.mp3 in Resources */,
				363769309C3C4B00B641419E /* cyborg_cs_recovery.mp3 in Resources */,
				9C0853B231EC41ED8A12D502 /* cyborg_cs_rest.mp3 in Resources */,
				0851499E6A544C7DA6B525DA /* cyborg_cs_warmup.mp3 in Resources */,
				59DAD55298CC40BB928EE606 /* cyborg_cs_work.mp3 in Resources */,
				11D2F7F66F174A8CA2CD34FC /* cyborg_cs_preview.m4a in Resources */,
				812E127F8B184B47946A48CE /* warrior_cs_preview.m4a in Resources */,
				E5344403ED644F718D0F6D9A /* wizard_cs_preview.m4a in Resources */,
				D27B76F26D4E4D19BFE491F5 /* coach_female_cs_preview.m4a in Resources */,
				DC0FC932CA444EDB9B443694 /* coach_female_cs_1.m4a in Resources */,
				254B8EE9491946B2A6F53CC0 /* coach_female_cs_10.m4a in Resources */,
				FDACE76A40324B5189903182 /* coach_female_cs_2.m4a in Resources */,
				029B64ED4B344C1AA6897ADA /* coach_female_cs_3.m4a in Resources */,
				D6560361AD9443B5BDC58F89 /* coach_female_cs_4.m4a in Resources */,
				B4BDCB324A534453BF8F59AD /* coach_female_cs_5.m4a in Resources */,
				83AC1C31FA8B4DC1B71B7AE3 /* coach_female_cs_6.m4a in Resources */,
				81F36D4C1BA545C49B04801C /* coach_female_cs_7.m4a in Resources */,
				F65616492F1143EC9FD78527 /* coach_female_cs_8.m4a in Resources */,
				6D67ADA1F1D94B8A97DEAE51 /* coach_female_cs_9.m4a in Resources */,
				48D8362473E543D9AFBA8BCA /* coach_female_cs_cooldown_short.m4a in Resources */,
				BBBB21C74C07465CB483F57A /* coach_female_cs_cooldown_v1.m4a in Resources */,
				C5B8A2229A4B483684AA6433 /* coach_female_cs_cooldown_v2.m4a in Resources */,
				358F0476ACB440D081B597AC /* coach_female_cs_cooldown_v3.m4a in Resources */,
				CACAD599F5744EC0981552B4 /* coach_female_cs_finish_v1.m4a in Resources */,
				16FA6A240989496A8EB01DFD /* coach_female_cs_finish_v2.m4a in Resources */,
				94DAD0FADD9F498886D33920 /* coach_female_cs_finish_v3.m4a in Resources */,
				BFFC125F522E42429AB1F86E /* coach_female_cs_half_v1.m4a in Resources */,
				3ED4446122B54C9C91B67E90 /* coach_female_cs_half_v2.m4a in Resources */,
				55DC199C4EB94A8F800EBF37 /* coach_female_cs_half_v3.m4a in Resources */,
				A5CC3DE9A49F44629B100C5B /* coach_female_cs_recovery_short.m4a in Resources */,
				930509FEB71242C3B6841150 /* coach_female_cs_rest_short.m4a in Resources */,
				F4430B5791654C0DBC8DE015 /* coach_female_cs_rest_v1.m4a in Resources */,
				33DFF273F51F41E6A500ADF8 /* coach_female_cs_rest_v2.m4a in Resources */,
				1F3F91D22C2D46FBA3D8E6AF /* coach_female_cs_rest_v3.m4a in Resources */,
				4EC2BEEF8C3D4B29B1A88999 /* coach_female_cs_work_short.m4a in Resources */,
				A3EE1B43353346659E97452D /* coach_female_cs_work_v1.m4a in Resources */,
				A39BBADE492C4339B6A91724 /* coach_female_cs_work_v2.m4a in Resources */,
				C991BEE204AA41A295F2A6EA /* coach_female_cs_work_v3.m4a in Resources */,
				56F83B307BBA4CE7A67D0CBC /* coach_female_cs_work_v4.m4a in Resources */,
				6420D3610DDE43139A34541C /* coach_female_cs_recovery_v1.m4a in Resources */,
				FC6E33C100444B28939576AF /* coach_female_cs_recovery_v2.m4a in Resources */,
				5F41BC3BA0C34860ACD6E722 /* coach_female_cs_recovery_v3.m4a in Resources */,
				74F75B0964354BB4BBDB45D9 /* coach_female_cs_warmup_v1.m4a in Resources */,
				78B90BB1B6C24A03BF2FABA3 /* coach_female_cs_warmup_v2.m4a in Resources */,
				F96F23FE1FF74FBCA31747ED /* coach_female_cs_warmup_v3.m4a in Resources */,
				52190258AB3342BB99BC8464 /* coach_female_cs_warmup_short.m4a in Resources */,
			);
			runOnlyForDeploymentPostprocessing = 0;
		};
/* End PBXResourcesBuildPhase section */

/* Begin PBXShellScriptBuildPhase section */
		00DD1BFF1BD5951E006B06BC /* Bundle React Native code and images */ = {
			isa = PBXShellScriptBuildPhase;
			buildActionMask = 2147483647;
			files = (
			);
			inputPaths = (
				"$(SRCROOT)/.xcode.env.local",
				"$(SRCROOT)/.xcode.env",
			);
			name = "Bundle React Native code and images";
			outputPaths = (
			);
			runOnlyForDeploymentPostprocessing = 0;
			shellPath = /bin/sh;
			shellScript = "set -e\n\nWITH_ENVIRONMENT=\"$REACT_NATIVE_PATH/scripts/xcode/with-environment.sh\"\nREACT_NATIVE_XCODE=\"$REACT_NATIVE_PATH/scripts/react-native-xcode.sh\"\n\n/bin/sh -c \"\\\"$WITH_ENVIRONMENT\\\" \\\"$REACT_NATIVE_XCODE\\\"\"\n";
		};
		00EEFC60759A1932668264C0 /* [CP] Embed Pods Frameworks */ = {
			isa = PBXShellScriptBuildPhase;
			buildActionMask = 2147483647;
			files = (
			);
			inputFileListPaths = (
				"${PODS_ROOT}/Target Support Files/Pods-GoAndRest/Pods-GoAndRest-frameworks-${CONFIGURATION}-input-files.xcfilelist",
			);
			inputPaths = (
			);
			name = "[CP] Embed Pods Frameworks";
			outputFileListPaths = (
				"${PODS_ROOT}/Target Support Files/Pods-GoAndRest/Pods-GoAndRest-frameworks-${CONFIGURATION}-output-files.xcfilelist",
			);
			outputPaths = (
			);
			runOnlyForDeploymentPostprocessing = 0;
			shellPath = /bin/sh;
			shellScript = "\"${PODS_ROOT}/Target Support Files/Pods-GoAndRest/Pods-GoAndRest-frameworks.sh\"\n";
			showEnvVarsInLog = 0;
		};
		C38B50BA6285516D6DCD4F65 /* [CP] Check Pods Manifest.lock */ = {
			isa = PBXShellScriptBuildPhase;
			buildActionMask = 2147483647;
			files = (
			);
			inputFileListPaths = (
			);
			inputPaths = (
				"${PODS_PODFILE_DIR_PATH}/Podfile.lock",
				"${PODS_ROOT}/Manifest.lock",
			);
			name = "[CP] Check Pods Manifest.lock";
			outputFileListPaths = (
			);
			outputPaths = (
				"$(DERIVED_FILE_DIR)/Pods-GoAndRest-checkManifestLockResult.txt",
			);
			runOnlyForDeploymentPostprocessing = 0;
			shellPath = /bin/sh;
			shellScript = "diff \"${PODS_PODFILE_DIR_PATH}/Podfile.lock\" \"${PODS_ROOT}/Manifest.lock\" > /dev/null\nif [ $? != 0 ] ; then\n    # print error to STDERR\n    echo \"error: The sandbox is not in sync with the Podfile.lock. Run 'pod install' or update your CocoaPods installation.\" >&2\n    exit 1\nfi\n# This output is used by Xcode 'outputs' to avoid re-running this script phase.\necho \"SUCCESS\" > \"${SCRIPT_OUTPUT_FILE_0}\"\n";
			showEnvVarsInLog = 0;
		};
		E235C05ADACE081382539298 /* [CP] Copy Pods Resources */ = {
			isa = PBXShellScriptBuildPhase;
			buildActionMask = 2147483647;
			files = (
			);
			inputFileListPaths = (
				"${PODS_ROOT}/Target Support Files/Pods-GoAndRest/Pods-GoAndRest-resources-${CONFIGURATION}-input-files.xcfilelist",
			);
			inputPaths = (
			);
			name = "[CP] Copy Pods Resources";
			outputFileListPaths = (
				"${PODS_ROOT}/Target Support Files/Pods-GoAndRest/Pods-GoAndRest-resources-${CONFIGURATION}-output-files.xcfilelist",
			);
			outputPaths = (
			);
			runOnlyForDeploymentPostprocessing = 0;
			shellPath = /bin/sh;
			shellScript = "\"${PODS_ROOT}/Target Support Files/Pods-GoAndRest/Pods-GoAndRest-resources.sh\"\n";
			showEnvVarsInLog = 0;
		};
/* End PBXShellScriptBuildPhase section */

/* Begin PBXSourcesBuildPhase section */
		13B07F871A680F5B00A75B9A /* Sources */ = {
			isa = PBXSourcesBuildPhase;
			buildActionMask = 2147483647;
			files = (
				761780ED2CA45674006654EE /* AppDelegate.swift in Sources */,
			);
			runOnlyForDeploymentPostprocessing = 0;
		};
/* End PBXSourcesBuildPhase section */

/* Begin XCBuildConfiguration section */
		13B07F941A680F5B00A75B9A /* Debug */ = {
			isa = XCBuildConfiguration;
			baseConfigurationReference = 3B4392A12AC88292D35C810B /* Pods-GoAndRest.debug.xcconfig */;
			buildSettings = {
				ASSETCATALOG_COMPILER_APPICON_NAME = AppIcon;
				ASSETCATALOG_COMPILER_INCLUDE_ALL_APPICON_ASSETS = NO;
				CLANG_ENABLE_MODULES = YES;
				CODE_SIGN_IDENTITY = "Apple Development";
				CODE_SIGN_STYLE = Automatic;
				CURRENT_PROJECT_VERSION = 1;
				DEVELOPMENT_TEAM = 84JJGMBQ83;
				ENABLE_BITCODE = NO;
				INFOPLIST_FILE = GoAndRest/Info.plist;
				INFOPLIST_KEY_CFBundleDisplayName = "Go&Rest";
				INFOPLIST_KEY_LSApplicationCategoryType = "public.app-category.sports";
				IPHONEOS_DEPLOYMENT_TARGET = 15.1;
				LD_RUNPATH_SEARCH_PATHS = (
					"$(inherited)",
					"@executable_path/Frameworks",
				);
				MARKETING_VERSION = 1.0.0;
				OTHER_LDFLAGS = (
					"$(inherited)",
					"-ObjC",
					"-lc++",
				);
				PRODUCT_BUNDLE_IDENTIFIER = com.robertdominguez.GoAndRest;
				PRODUCT_NAME = GoAndRest;
				PROVISIONING_PROFILE_SPECIFIER = "";
				SWIFT_OBJC_BRIDGING_HEADER = "GoAndRest-Bridging-Header.h";
				SWIFT_OPTIMIZATION_LEVEL = "-Onone";
				SWIFT_VERSION = 5.0;
				VERSIONING_SYSTEM = "apple-generic";
			};
			name = Debug;
		};
		13B07F951A680F5B00A75B9A /* Release */ = {
			isa = XCBuildConfiguration;
			baseConfigurationReference = 5709B34CF0A7D63546082F79 /* Pods-GoAndRest.release.xcconfig */;
			buildSettings = {
				ASSETCATALOG_COMPILER_APPICON_NAME = AppIcon;
				ASSETCATALOG_COMPILER_INCLUDE_ALL_APPICON_ASSETS = NO;
				CLANG_ENABLE_MODULES = YES;
				CODE_SIGN_IDENTITY = "Apple Development";
				CODE_SIGN_STYLE = Automatic;
				CURRENT_PROJECT_VERSION = 1;
				DEVELOPMENT_TEAM = 84JJGMBQ83;
				INFOPLIST_FILE = GoAndRest/Info.plist;
				INFOPLIST_KEY_CFBundleDisplayName = "Go&Rest";
				INFOPLIST_KEY_LSApplicationCategoryType = "public.app-category.sports";
				IPHONEOS_DEPLOYMENT_TARGET = 15.1;
				LD_RUNPATH_SEARCH_PATHS = (
					"$(inherited)",
					"@executable_path/Frameworks",
				);
				MARKETING_VERSION = 1.0.0;
				OTHER_LDFLAGS = (
					"$(inherited)",
					"-ObjC",
					"-lc++",
				);
				PRODUCT_BUNDLE_IDENTIFIER = com.robertdominguez.GoAndRest;
				PRODUCT_NAME = GoAndRest;
				PROVISIONING_PROFILE_SPECIFIER = "";
				SWIFT_OBJC_BRIDGING_HEADER = "GoAndRest-Bridging-Header.h";
				SWIFT_VERSION = 5.0;
				VERSIONING_SYSTEM = "apple-generic";
			};
			name = Release;
		};
		83CBBA201A601CBA00E9B192 /* Debug */ = {
			isa = XCBuildConfiguration;
			buildSettings = {
				ALWAYS_SEARCH_USER_PATHS = NO;
				CLANG_ANALYZER_LOCALIZABILITY_NONLOCALIZED = YES;
				CLANG_CXX_LANGUAGE_STANDARD = "c++20";
				CLANG_CXX_LIBRARY = "libc++";
				CLANG_ENABLE_MODULES = YES;
				CLANG_ENABLE_OBJC_ARC = YES;
				CLANG_WARN_BLOCK_CAPTURE_AUTORELEASING = YES;
				CLANG_WARN_BOOL_CONVERSION = YES;
				CLANG_WARN_COMMA = YES;
				CLANG_WARN_CONSTANT_CONVERSION = YES;
				CLANG_WARN_DEPRECATED_OBJC_IMPLEMENTATIONS = YES;
				CLANG_WARN_DIRECT_OBJC_ISA_USAGE = YES_ERROR;
				CLANG_WARN_EMPTY_BODY = YES;
				CLANG_WARN_ENUM_CONVERSION = YES;
				CLANG_WARN_INFINITE_RECURSION = YES;
				CLANG_WARN_INT_CONVERSION = YES;
				CLANG_WARN_NON_LITERAL_NULL_CONVERSION = YES;
				CLANG_WARN_OBJC_IMPLICIT_RETAIN_SELF = YES;
				CLANG_WARN_OBJC_LITERAL_CONVERSION = YES;
				CLANG_WARN_OBJC_ROOT_CLASS = YES_ERROR;
				CLANG_WARN_QUOTED_INCLUDE_IN_FRAMEWORK_HEADER = YES;
				CLANG_WARN_RANGE_LOOP_ANALYSIS = YES;
				CLANG_WARN_STRICT_PROTOTYPES = YES;
				CLANG_WARN_SUSPICIOUS_MOVE = YES;
				CLANG_WARN_UNREACHABLE_CODE = YES;
				CLANG_WARN__DUPLICATE_METHOD_MATCH = YES;
				"CODE_SIGN_IDENTITY[sdk=iphoneos*]" = "iPhone Developer";
				COPY_PHASE_STRIP = NO;
				ENABLE_STRICT_OBJC_MSGSEND = YES;
				ENABLE_TESTABILITY = YES;
				ENABLE_TESTING_SEARCH_PATHS = NO;
				"EXCLUDED_ARCHS[sdk=iphonesimulator*]" = "";
				GCC_C_LANGUAGE_STANDARD = gnu99;
				GCC_DYNAMIC_NO_PIC = NO;
				GCC_NO_COMMON_BLOCKS = YES;
				GCC_OPTIMIZATION_LEVEL = 0;
				GCC_PREPROCESSOR_DEFINITIONS = (
					"DEBUG=1",
					"$(inherited)",
				);
				GCC_SYMBOLS_PRIVATE_EXTERN = NO;
				GCC_WARN_64_TO_32_BIT_CONVERSION = YES;
				GCC_WARN_ABOUT_RETURN_TYPE = YES_ERROR;
				GCC_WARN_UNDECLARED_SELECTOR = YES;
				GCC_WARN_UNINITIALIZED_AUTOS = YES_AGGRESSIVE;
				GCC_WARN_UNUSED_FUNCTION = YES;
				GCC_WARN_UNUSED_VARIABLE = YES;
				IPHONEOS_DEPLOYMENT_TARGET = 15.1;
				LD_RUNPATH_SEARCH_PATHS = (
					/usr/lib/swift,
					"$(inherited)",
				);
				LIBRARY_SEARCH_PATHS = (
					"\"$(SDKROOT)/usr/lib/swift\"",
					"\"$(TOOLCHAIN_DIR)/usr/lib/swift/$(PLATFORM_NAME)\"",
					"\"$(inherited)\"",
				);
				MTL_ENABLE_DEBUG_INFO = YES;
				ONLY_ACTIVE_ARCH = YES;
				OTHER_CFLAGS = "$(inherited)";
				OTHER_CPLUSPLUSFLAGS = (
					"$(OTHER_CFLAGS)",
					"-DFOLLY_NO_CONFIG",
					"-DFOLLY_MOBILE=1",
					"-DFOLLY_USE_LIBCPP=1",
					"-DFOLLY_CFG_NO_COROUTINES=1",
					"-DFOLLY_HAVE_CLOCK_GETTIME=1",
				);
				REACT_NATIVE_PATH = "${PODS_ROOT}/../../node_modules/react-native";
				SDKROOT = iphoneos;
				SWIFT_ACTIVE_COMPILATION_CONDITIONS = "$(inherited) DEBUG";
				USE_HERMES = true;
			};
			name = Debug;
		};
		83CBBA211A601CBA00E9B192 /* Release */ = {
			isa = XCBuildConfiguration;
			buildSettings = {
				ALWAYS_SEARCH_USER_PATHS = NO;
				CLANG_ANALYZER_LOCALIZABILITY_NONLOCALIZED = YES;
				CLANG_CXX_LANGUAGE_STANDARD = "c++20";
				CLANG_CXX_LIBRARY = "libc++";
				CLANG_ENABLE_MODULES = YES;
				CLANG_ENABLE_OBJC_ARC = YES;
				CLANG_WARN_BLOCK_CAPTURE_AUTORELEASING = YES;
				CLANG_WARN_BOOL_CONVERSION = YES;
				CLANG_WARN_COMMA = YES;
				CLANG_WARN_CONSTANT_CONVERSION = YES;
				CLANG_WARN_DEPRECATED_OBJC_IMPLEMENTATIONS = YES;
				CLANG_WARN_DIRECT_OBJC_ISA_USAGE = YES_ERROR;
				CLANG_WARN_EMPTY_BODY = YES;
				CLANG_WARN_ENUM_CONVERSION = YES;
				CLANG_WARN_INFINITE_RECURSION = YES;
				CLANG_WARN_INT_CONVERSION = YES;
				CLANG_WARN_NON_LITERAL_NULL_CONVERSION = YES;
				CLANG_WARN_OBJC_IMPLICIT_RETAIN_SELF = YES;
				CLANG_WARN_OBJC_LITERAL_CONVERSION = YES;
				CLANG_WARN_OBJC_ROOT_CLASS = YES_ERROR;
				CLANG_WARN_QUOTED_INCLUDE_IN_FRAMEWORK_HEADER = YES;
				CLANG_WARN_RANGE_LOOP_ANALYSIS = YES;
				CLANG_WARN_STRICT_PROTOTYPES = YES;
				CLANG_WARN_SUSPICIOUS_MOVE = YES;
				CLANG_WARN_UNREACHABLE_CODE = YES;
				CLANG_WARN__DUPLICATE_METHOD_MATCH = YES;
				"CODE_SIGN_IDENTITY[sdk=iphoneos*]" = "iPhone Developer";
				COPY_PHASE_STRIP = YES;
				ENABLE_NS_ASSERTIONS = NO;
				ENABLE_STRICT_OBJC_MSGSEND = YES;
				ENABLE_TESTING_SEARCH_PATHS = NO;
				"EXCLUDED_ARCHS[sdk=iphonesimulator*]" = "";
				GCC_C_LANGUAGE_STANDARD = gnu99;
				GCC_NO_COMMON_BLOCKS = YES;
				GCC_WARN_64_TO_32_BIT_CONVERSION = YES;
				GCC_WARN_ABOUT_RETURN_TYPE = YES_ERROR;
				GCC_WARN_UNDECLARED_SELECTOR = YES;
				GCC_WARN_UNINITIALIZED_AUTOS = YES_AGGRESSIVE;
				GCC_WARN_UNUSED_FUNCTION = YES;
				GCC_WARN_UNUSED_VARIABLE = YES;
				IPHONEOS_DEPLOYMENT_TARGET = 15.1;
				LD_RUNPATH_SEARCH_PATHS = (
					/usr/lib/swift,
					"$(inherited)",
				);
				LIBRARY_SEARCH_PATHS = (
					"\"$(SDKROOT)/usr/lib/swift\"",
					"\"$(TOOLCHAIN_DIR)/usr/lib/swift/$(PLATFORM_NAME)\"",
					"\"$(inherited)\"",
				);
				MTL_ENABLE_DEBUG_INFO = NO;
				OTHER_CFLAGS = "$(inherited)";
				OTHER_CPLUSPLUSFLAGS = (
					"$(OTHER_CFLAGS)",
					"-DFOLLY_NO_CONFIG",
					"-DFOLLY_MOBILE=1",
					"-DFOLLY_USE_LIBCPP=1",
					"-DFOLLY_CFG_NO_COROUTINES=1",
					"-DFOLLY_HAVE_CLOCK_GETTIME=1",
				);
				REACT_NATIVE_PATH = "${PODS_ROOT}/../../node_modules/react-native";
				SDKROOT = iphoneos;
				USE_HERMES = true;
				VALIDATE_PRODUCT = YES;
			};
			name = Release;
		};
/* End XCBuildConfiguration section */

/* Begin XCConfigurationList section */
		13B07F931A680F5B00A75B9A /* Build configuration list for PBXNativeTarget "GoAndRest" */ = {
			isa = XCConfigurationList;
			buildConfigurations = (
				13B07F941A680F5B00A75B9A /* Debug */,
				13B07F951A680F5B00A75B9A /* Release */,
			);
			defaultConfigurationIsVisible = 0;
			defaultConfigurationName = Release;
		};
		83CBB9FA1A601CBA00E9B192 /* Build configuration list for PBXProject "GoAndRest" */ = {
			isa = XCConfigurationList;
			buildConfigurations = (
				83CBBA201A601CBA00E9B192 /* Debug */,
				83CBBA211A601CBA00E9B192 /* Release */,
			);
			defaultConfigurationIsVisible = 0;
			defaultConfigurationName = Release;
		};
/* End XCConfigurationList section */
	};
	rootObject = 83CBB9F71A601CBA00E9B192 /* Project object */;
}
