// !$*UTF8*$!
{
	archiveVersion = 1;
	classes = {
	};
	objectVersion = 54;
	objects = {

/* Begin PBXBuildFile section */
		041D37028B6D429192D6554C /* cyborg_cs_4.mp3 in Resources */ = {isa = PBXBuildFile; fileRef = 0EBBED0DE4564F7682A13D3C /* cyborg_cs_4.mp3 */; };
		06B06B4BD6994477AF6A55E8 /* cyborg_cs_cooldown.mp3 in Resources */ = {isa = PBXBuildFile; fileRef = 07747BD437B0489CB4929E87 /* cyborg_cs_cooldown.mp3 */; };
		096B80E12F4DABF500231B6D /* AVFoundation.framework in Frameworks */ = {isa = PBXBuildFile; fileRef = 096B80E02F4DABF500231B6D /* AVFoundation.framework */; };
		0C80B921A6F3F58F76C31292 /* libPods-GoAndRest.a in Frameworks */ = {isa = PBXBuildFile; fileRef = 5DCACB8F33CDC322A6C60F78 /* libPods-GoAndRest.a */; };
		0E67A6C4A9D342BD872C41B9 /* BarlowCondensed-Regular.ttf in Resources */ = {isa = PBXBuildFile; fileRef = 2A18B903C91945DBA5B1F4F9 /* BarlowCondensed-Regular.ttf */; };
		13B07FBF1A68108700A75B9A /* Images.xcassets in Resources */ = {isa = PBXBuildFile; fileRef = 13B07FB51A68108700A75B9A /* Images.xcassets */; };
		180DFC3E7BE74079981A15F5 /* cyborg_cs_10.mp3 in Resources */ = {isa = PBXBuildFile; fileRef = B011BE634BA94B0AB3ED13E8 /* cyborg_cs_10.mp3 */; };
		1AD9318D535C4D8E8EAE39A0 /* cyborg_cs_9.mp3 in Resources */ = {isa = PBXBuildFile; fileRef = 860AE6422B87489EAAEEC364 /* cyborg_cs_9.mp3 */; };
		4A885925DF044A998C6CC705 /* cyborg_cs_8.mp3 in Resources */ = {isa = PBXBuildFile; fileRef = B284B978388146AF99910238 /* cyborg_cs_8.mp3 */; };
		4BAB502572F1443D8103C0A5 /* cyborg_cs_half.mp3 in Resources */ = {isa = PBXBuildFile; fileRef = A9277619DDFB42ACA05C54B9 /* cyborg_cs_half.mp3 */; };
		4E6BA1DA00CEBA6B7E5F3765 /* PrivacyInfo.xcprivacy in Resources */ = {isa = PBXBuildFile; fileRef = 13B07FB81A68108700A75B9A /* PrivacyInfo.xcprivacy */; };
		5490FB8B500A4717AF050DE7 /* BarlowCondensed-Medium.ttf in Resources */ = {isa = PBXBuildFile; fileRef = DF06D7FEA235437E93BAC4C9 /* BarlowCondensed-Medium.ttf */; };
		55769A52C69747358A7CC372 /* cyborg_cs_7.mp3 in Resources */ = {isa = PBXBuildFile; fileRef = 79788391ABF34F1E88F0678D /* cyborg_cs_7.mp3 */; };
		55A51739A03246D389C2326F /* BarlowCondensed-Bold.ttf in Resources */ = {isa = PBXBuildFile; fileRef = E8108A9A40DD4DF1A98F2286 /* BarlowCondensed-Bold.ttf */; };
		5EA2D328360942C4A38B90C9 /* thinking_owl.riv in Resources */ = {isa = PBXBuildFile; fileRef = 77B0C69104104885AEB2C5AC /* thinking_owl.riv */; };
		7128AEDB79B44EE78991CBAC /* cyborg_cs_work.mp3 in Resources */ = {isa = PBXBuildFile; fileRef = C6D096B29F7E47428A75F913 /* cyborg_cs_work.mp3 */; };
		761780ED2CA45674006654EE /* AppDelegate.swift in Sources */ = {isa = PBXBuildFile; fileRef = 761780EC2CA45674006654EE /* AppDelegate.swift */; };
		792A69E4DE0A46EABB21C282 /* cyborg_cs_1.mp3 in Resources */ = {isa = PBXBuildFile; fileRef = B3A156F1C2CB42D5B9545746 /* cyborg_cs_1.mp3 */; };
		81AB9BB82411601600AC10FF /* LaunchScreen.storyboard in Resources */ = {isa = PBXBuildFile; fileRef = 81AB9BB72411601600AC10FF /* LaunchScreen.storyboard */; };
		8D4E4EA71A864891B0FDD901 /* BarlowCondensed-ExtraBold.ttf in Resources */ = {isa = PBXBuildFile; fileRef = 2F9F99C466A14844B01E887D /* BarlowCondensed-ExtraBold.ttf */; };
		8E18ADF92ABA412C9AE02323 /* BarlowCondensed-Black.ttf in Resources */ = {isa = PBXBuildFile; fileRef = 14EADB51CA5A415A8F8F0C5A /* BarlowCondensed-Black.ttf */; };
		908498F377D947CABEC58655 /* BarlowCondensed-SemiBold.ttf in Resources */ = {isa = PBXBuildFile; fileRef = 44A439D5B5A644B59050302F /* BarlowCondensed-SemiBold.ttf */; };
		9D27D46B4706466BA8A6C521 /* cyborg_cs_rest.mp3 in Resources */ = {isa = PBXBuildFile; fileRef = 38406E37EB904840B97F9F5F /* cyborg_cs_rest.mp3 */; };
		AA39E7D4FBEA4628B72E22CD /* cyborg_cs_3.mp3 in Resources */ = {isa = PBXBuildFile; fileRef = 4FBC747CFCBA4D22B68277F0 /* cyborg_cs_3.mp3 */; };
		ABACF43C93DF4B77A37F7F18 /* cyborg_cs_recovery.mp3 in Resources */ = {isa = PBXBuildFile; fileRef = DBFA2F118405409E827DE19E /* cyborg_cs_recovery.mp3 */; };
		B6CDA63572B2418E8022FA22 /* cyborg_cs_6.mp3 in Resources */ = {isa = PBXBuildFile; fileRef = 60CE74178DA542B5893178EF /* cyborg_cs_6.mp3 */; };
		BE8544BE206A4C5189873130 /* cyborg_cs_2.mp3 in Resources */ = {isa = PBXBuildFile; fileRef = 4582118768274618814B8A4F /* cyborg_cs_2.mp3 */; };
		D65AF272C722472CA0C58C23 /* cyborg_cs_finish.mp3 in Resources */ = {isa = PBXBuildFile; fileRef = 6757D4E40E1E411E9AA13A6A /* cyborg_cs_finish.mp3 */; };
		E0B28B406A0842E795896E12 /* cyborg_cs_5.mp3 in Resources */ = {isa = PBXBuildFile; fileRef = 993E01C54BD6480D9042D867 /* cyborg_cs_5.mp3 */; };
		E58A96EAD8544096A963DE50 /* cyborg_cs_warmup.mp3 in Resources */ = {isa = PBXBuildFile; fileRef = BDB08565641044CE840F6297 /* cyborg_cs_warmup.mp3 */; };
		ED837E99D1D84D6284B6D0EA /* BarlowCondensed-Light.ttf in Resources */ = {isa = PBXBuildFile; fileRef = F35558F7F9F141358037BB32 /* BarlowCondensed-Light.ttf */; };
		F795EBC6558A426FAAE915D4 /* loader.riv in Resources */ = {isa = PBXBuildFile; fileRef = 75D6891E9BCF4AFE9E55D8E3 /* loader.riv */; };
		FB52F62E67ED45939EEFE273 /* confetti.riv in Resources */ = {isa = PBXBuildFile; fileRef = 276BDF320A7942F4874F858D /* confetti.riv */; };
		C22A4956836C40A9A5F17309 /* coach_female_cs_warmup_short.m4a in Resources */ = {isa = PBXBuildFile; fileRef = 6A0D691FF585485E8823B4EF /* coach_female_cs_warmup_short.m4a */; };
		843E25DB96D84B7882BD817F /* coach_female_cs_half_v1.m4a in Resources */ = {isa = PBXBuildFile; fileRef = D62954119EF14A118A6C0DFC /* coach_female_cs_half_v1.m4a */; };
		EE51B8807DF2443B83CF478E /* coach_female_cs_half_v3.m4a in Resources */ = {isa = PBXBuildFile; fileRef = DF84C83CACBE4C3080D7675F /* coach_female_cs_half_v3.m4a */; };
		6220BB12AA1242A19B14DD5C /* coach_female_cs_half_v2.m4a in Resources */ = {isa = PBXBuildFile; fileRef = 08F4456B2E4B4F30A02E08CE /* coach_female_cs_half_v2.m4a */; };
		82AAA173D20E4D2FAAC7E551 /* coach_female_cs_3.m4a in Resources */ = {isa = PBXBuildFile; fileRef = C28929C8E4F647B59B67E7C3 /* coach_female_cs_3.m4a */; };
		DEAE475A032344269D2030E2 /* coach_female_cs_work_v4.m4a in Resources */ = {isa = PBXBuildFile; fileRef = 76BEB68015D34A4D878219D7 /* coach_female_cs_work_v4.m4a */; };
		7A6324200A9B4FB9AB20E502 /* coach_female_cs_2.m4a in Resources */ = {isa = PBXBuildFile; fileRef = 2C9A31468E214F81B0DBD3DB /* coach_female_cs_2.m4a */; };
		AA7AB0D0B7744FD5A874F8AD /* coach_female_cs_1.m4a in Resources */ = {isa = PBXBuildFile; fileRef = E327A2305EFE49E391FE32B5 /* coach_female_cs_1.m4a */; };
		DDBEA8CFC8DF400D9EFF5810 /* coach_female_cs_5.m4a in Resources */ = {isa = PBXBuildFile; fileRef = CCB6A0085AAA4953BE0C8684 /* coach_female_cs_5.m4a */; };
		37EA2AC6E9E241FEBC13BD19 /* coach_female_cs_rest_v3.m4a in Resources */ = {isa = PBXBuildFile; fileRef = 940DF39BF59A48379D30F0CA /* coach_female_cs_rest_v3.m4a */; };
		5BADD77770BB440B9B1EAAFF /* coach_female_cs_work_v2.m4a in Resources */ = {isa = PBXBuildFile; fileRef = B38ACDCA721E469CA3746E33 /* coach_female_cs_work_v2.m4a */; };
		E479DF9369304CCCA015324A /* coach_female_cs_work_v3.m4a in Resources */ = {isa = PBXBuildFile; fileRef = FA1F3B8A091A4CA485BB21BD /* coach_female_cs_work_v3.m4a */; };
		DE3AC1BC2D644F8FA18FF0A4 /* coach_female_cs_rest_v2.m4a in Resources */ = {isa = PBXBuildFile; fileRef = 9D17934D5A1E4F039AD39FD2 /* coach_female_cs_rest_v2.m4a */; };
		43802811D4DA44228F43C2F9 /* coach_female_cs_recovery_v1.m4a in Resources */ = {isa = PBXBuildFile; fileRef = 16734C8A5CF949D8B2196789 /* coach_female_cs_recovery_v1.m4a */; };
		A53C75B0C57F49FA89303018 /* coach_female_cs_4.m4a in Resources */ = {isa = PBXBuildFile; fileRef = 83BB20C08C6246A39BE77A1F /* coach_female_cs_4.m4a */; };
		75D48CBEEF9F4E4DA315B4AA /* coach_female_cs_6.m4a in Resources */ = {isa = PBXBuildFile; fileRef = FE83F3CE197E4322A9942019 /* coach_female_cs_6.m4a */; };
		C7A7F529D0BA482AAF40DB4A /* coach_female_cs_recovery_v3.m4a in Resources */ = {isa = PBXBuildFile; fileRef = DD810263CEDA4FBA99EC4CF8 /* coach_female_cs_recovery_v3.m4a */; };
		4B29627362E2493B949D5C8F /* coach_female_cs_work_v1.m4a in Resources */ = {isa = PBXBuildFile; fileRef = FF800DB9FAAD4FF9806446E4 /* coach_female_cs_work_v1.m4a */; };
		10BF97A3570042BBA3A660D1 /* coach_female_cs_rest_v1.m4a in Resources */ = {isa = PBXBuildFile; fileRef = 4CBEAFE57D13401CB01CBA46 /* coach_female_cs_rest_v1.m4a */; };
		E94D7316C9CD4C75BC922843 /* coach_female_cs_recovery_v2.m4a in Resources */ = {isa = PBXBuildFile; fileRef = EC01D3E80FE8446190EE9AC4 /* coach_female_cs_recovery_v2.m4a */; };
		D87CA521ECBD424FA6E00457 /* coach_female_cs_7.m4a in Resources */ = {isa = PBXBuildFile; fileRef = 9977294B28284EEB839A5BE3 /* coach_female_cs_7.m4a */; };
		DB9836DCACD4401FB8619B4E /* coach_female_cs_9.m4a in Resources */ = {isa = PBXBuildFile; fileRef = 017F078C4F3B461CB3C8F150 /* coach_female_cs_9.m4a */; };
		82F002FBC7F14A54B3233DC8 /* coach_female_cs_10.m4a in Resources */ = {isa = PBXBuildFile; fileRef = E2D5EC0249754D28ABCB2AFC /* coach_female_cs_10.m4a */; };
		021E896D296D487AB89CE35E /* coach_female_cs_cooldown_short.m4a in Resources */ = {isa = PBXBuildFile; fileRef = 9CD1957273C84A6FB78C3417 /* coach_female_cs_cooldown_short.m4a */; };
		CE5F37DE24A0403AA5565743 /* coach_female_cs_8.m4a in Resources */ = {isa = PBXBuildFile; fileRef = 9148E5A69C424D0BA514FC7C /* coach_female_cs_8.m4a */; };
		2AD1E8D3D0B64AC3B8A08FA9 /* coach_female_cs_finish_v2.m4a in Resources */ = {isa = PBXBuildFile; fileRef = DC9F8D6020174826A97DB61A /* coach_female_cs_finish_v2.m4a */; };
		CD83EFC724C442FEB02118F3 /* coach_female_cs_warmup_v2.m4a in Resources */ = {isa = PBXBuildFile; fileRef = FBC04BC23D2F413AAC9FFB0F /* coach_female_cs_warmup_v2.m4a */; };
		E265D3D5CBBC4D2CAC4D90AE /* coach_female_cs_warmup_v3.m4a in Resources */ = {isa = PBXBuildFile; fileRef = 834ED7DC5C5148D2B2F67B34 /* coach_female_cs_warmup_v3.m4a */; };
		C268899F46C64E53B601BEB0 /* coach_female_cs_finish_v3.m4a in Resources */ = {isa = PBXBuildFile; fileRef = 0F2704ECADBE402E9DE18410 /* coach_female_cs_finish_v3.m4a */; };
		D806EC0D14D04155B63CA75F /* coach_female_cs_warmup_v1.m4a in Resources */ = {isa = PBXBuildFile; fileRef = 7271CBE905594D8284C9AF5E /* coach_female_cs_warmup_v1.m4a */; };
		4E9FD380EC6B4B7BB78823F8 /* coach_female_cs_finish_v1.m4a in Resources */ = {isa = PBXBuildFile; fileRef = 95AB9ACEB11748D3B2963D4B /* coach_female_cs_finish_v1.m4a */; };
		99D0D3733EE5479484267A3A /* coach_female_cs_rest_short.m4a in Resources */ = {isa = PBXBuildFile; fileRef = 0BD7FC379683465A80A019F8 /* coach_female_cs_rest_short.m4a */; };
		AF6E45E6A32745F89C8B4C42 /* coach_female_cs_recovery_short.m4a in Resources */ = {isa = PBXBuildFile; fileRef = 2CB9A31F2313477583BDC258 /* coach_female_cs_recovery_short.m4a */; };
		3E879DE76C1149DA844149A6 /* coach_female_cs_cooldown_v1.m4a in Resources */ = {isa = PBXBuildFile; fileRef = B65FB6320DEF45FC8011F8C3 /* coach_female_cs_cooldown_v1.m4a */; };
		9515E61FCDD449B28A12428E /* coach_female_cs_work_short.m4a in Resources */ = {isa = PBXBuildFile; fileRef = 015867F7BDF54340983E924E /* coach_female_cs_work_short.m4a */; };
		79A65722B5DD474284796FB6 /* coach_female_cs_cooldown_v2.m4a in Resources */ = {isa = PBXBuildFile; fileRef = 58E62413E9584EDAB94DFD00 /* coach_female_cs_cooldown_v2.m4a */; };
		573EA839A0574F4E9971DD0E /* coach_female_cs_cooldown_v3.m4a in Resources */ = {isa = PBXBuildFile; fileRef = C08C1DD43D77414DA79311CA /* coach_female_cs_cooldown_v3.m4a */; };
/* End PBXBuildFile section */

/* Begin PBXFileReference section */
		07747BD437B0489CB4929E87 /* cyborg_cs_cooldown.mp3 */ = {isa = PBXFileReference; explicitFileType = undefined; fileEncoding = 9; includeInIndex = 0; lastKnownFileType = unknown; name = cyborg_cs_cooldown.mp3; path = ../src/assets/audio/characters/cyborg/cs/cyborg_cs_cooldown.mp3; sourceTree = "<group>"; };
		096B80E02F4DABF500231B6D /* AVFoundation.framework */ = {isa = PBXFileReference; lastKnownFileType = wrapper.framework; name = AVFoundation.framework; path = System/Library/Frameworks/AVFoundation.framework; sourceTree = SDKROOT; };
		0EBBED0DE4564F7682A13D3C /* cyborg_cs_4.mp3 */ = {isa = PBXFileReference; explicitFileType = undefined; fileEncoding = 9; includeInIndex = 0; lastKnownFileType = unknown; name = cyborg_cs_4.mp3; path = ../src/assets/audio/characters/cyborg/cs/cyborg_cs_4.mp3; sourceTree = "<group>"; };
		13B07F961A680F5B00A75B9A /* GoAndRest.app */ = {isa = PBXFileReference; explicitFileType = wrapper.application; includeInIndex = 0; path = GoAndRest.app; sourceTree = BUILT_PRODUCTS_DIR; };
		13B07FB51A68108700A75B9A /* Images.xcassets */ = {isa = PBXFileReference; lastKnownFileType = folder.assetcatalog; name = Images.xcassets; path = GoAndRest/Images.xcassets; sourceTree = "<group>"; };
		13B07FB61A68108700A75B9A /* Info.plist */ = {isa = PBXFileReference; fileEncoding = 4; lastKnownFileType = text.plist.xml; name = Info.plist; path = GoAndRest/Info.plist; sourceTree = "<group>"; };
		13B07FB81A68108700A75B9A /* PrivacyInfo.xcprivacy */ = {isa = PBXFileReference; fileEncoding = 4; lastKnownFileType = text.plist.xml; name = PrivacyInfo.xcprivacy; path = GoAndRest/PrivacyInfo.xcprivacy; sourceTree = "<group>"; };
		14EADB51CA5A415A8F8F0C5A /* BarlowCondensed-Black.ttf */ = {isa = PBXFileReference; explicitFileType = undefined; fileEncoding = 9; includeInIndex = 0; lastKnownFileType = unknown; name = "BarlowCondensed-Black.ttf"; path = "../src/assets/fonts/BarlowCondensed-Black.ttf"; sourceTree = "<group>"; };
		276BDF320A7942F4874F858D /* confetti.riv */ = {isa = PBXFileReference; explicitFileType = undefined; fileEncoding = 9; includeInIndex = 0; lastKnownFileType = unknown; name = confetti.riv; path = ../src/assets/animations/confetti.riv; sourceTree = "<group>"; };
		2A18B903C91945DBA5B1F4F9 /* BarlowCondensed-Regular.ttf */ = {isa = PBXFileReference; explicitFileType = undefined; fileEncoding = 9; includeInIndex = 0; lastKnownFileType = unknown; name = "BarlowCondensed-Regular.ttf"; path = "../src/assets/fonts/BarlowCondensed-Regular.ttf"; sourceTree = "<group>"; };
		2F9F99C466A14844B01E887D /* BarlowCondensed-ExtraBold.ttf */ = {isa = PBXFileReference; explicitFileType = undefined; fileEncoding = 9; includeInIndex = 0; lastKnownFileType = unknown; name = "BarlowCondensed-ExtraBold.ttf"; path = "../src/assets/fonts/BarlowCondensed-ExtraBold.ttf"; sourceTree = "<group>"; };
		38406E37EB904840B97F9F5F /* cyborg_cs_rest.mp3 */ = {isa = PBXFileReference; explicitFileType = undefined; fileEncoding = 9; includeInIndex = 0; lastKnownFileType = unknown; name = cyborg_cs_rest.mp3; path = ../src/assets/audio/characters/cyborg/cs/cyborg_cs_rest.mp3; sourceTree = "<group>"; };
		3B4392A12AC88292D35C810B /* Pods-GoAndRest.debug.xcconfig */ = {isa = PBXFileReference; includeInIndex = 1; lastKnownFileType = text.xcconfig; name = "Pods-GoAndRest.debug.xcconfig"; path = "Target Support Files/Pods-GoAndRest/Pods-GoAndRest.debug.xcconfig"; sourceTree = "<group>"; };
		44A439D5B5A644B59050302F /* BarlowCondensed-SemiBold.ttf */ = {isa = PBXFileReference; explicitFileType = undefined; fileEncoding = 9; includeInIndex = 0; lastKnownFileType = unknown; name = "BarlowCondensed-SemiBold.ttf"; path = "../src/assets/fonts/BarlowCondensed-SemiBold.ttf"; sourceTree = "<group>"; };
		4582118768274618814B8A4F /* cyborg_cs_2.mp3 */ = {isa = PBXFileReference; explicitFileType = undefined; fileEncoding = 9; includeInIndex = 0; lastKnownFileType = unknown; name = cyborg_cs_2.mp3; path = ../src/assets/audio/characters/cyborg/cs/cyborg_cs_2.mp3; sourceTree = "<group>"; };
		4FBC747CFCBA4D22B68277F0 /* cyborg_cs_3.mp3 */ = {isa = PBXFileReference; explicitFileType = undefined; fileEncoding = 9; includeInIndex = 0; lastKnownFileType = unknown; name = cyborg_cs_3.mp3; path = ../src/assets/audio/characters/cyborg/cs/cyborg_cs_3.mp3; sourceTree = "<group>"; };
		5709B34CF0A7D63546082F79 /* Pods-GoAndRest.release.xcconfig */ = {isa = PBXFileReference; includeInIndex = 1; lastKnownFileType = text.xcconfig; name = "Pods-GoAndRest.release.xcconfig"; path = "Target Support Files/Pods-GoAndRest/Pods-GoAndRest.release.xcconfig"; sourceTree = "<group>"; };
		5DCACB8F33CDC322A6C60F78 /* libPods-GoAndRest.a */ = {isa = PBXFileReference; explicitFileType = archive.ar; includeInIndex = 0; path = "libPods-GoAndRest.a"; sourceTree = BUILT_PRODUCTS_DIR; };
		60CE74178DA542B5893178EF /* cyborg_cs_6.mp3 */ = {isa = PBXFileReference; explicitFileType = undefined; fileEncoding = 9; includeInIndex = 0; lastKnownFileType = unknown; name = cyborg_cs_6.mp3; path = ../src/assets/audio/characters/cyborg/cs/cyborg_cs_6.mp3; sourceTree = "<group>"; };
		6757D4E40E1E411E9AA13A6A /* cyborg_cs_finish.mp3 */ = {isa = PBXFileReference; explicitFileType = undefined; fileEncoding = 9; includeInIndex = 0; lastKnownFileType = unknown; name = cyborg_cs_finish.mp3; path = ../src/assets/audio/characters/cyborg/cs/cyborg_cs_finish.mp3; sourceTree = "<group>"; };
		75D6891E9BCF4AFE9E55D8E3 /* loader.riv */ = {isa = PBXFileReference; explicitFileType = undefined; fileEncoding = 9; includeInIndex = 0; lastKnownFileType = unknown; name = loader.riv; path = ../src/assets/animations/loader.riv; sourceTree = "<group>"; };
		761780EC2CA45674006654EE /* AppDelegate.swift */ = {isa = PBXFileReference; lastKnownFileType = sourcecode.swift; name = AppDelegate.swift; path = GoAndRest/AppDelegate.swift; sourceTree = "<group>"; };
		77B0C69104104885AEB2C5AC /* thinking_owl.riv */ = {isa = PBXFileReference; explicitFileType = undefined; fileEncoding = 9; includeInIndex = 0; lastKnownFileType = unknown; name = thinking_owl.riv; path = ../src/assets/animations/thinking_owl.riv; sourceTree = "<group>"; };
		79788391ABF34F1E88F0678D /* cyborg_cs_7.mp3 */ = {isa = PBXFileReference; explicitFileType = undefined; fileEncoding = 9; includeInIndex = 0; lastKnownFileType = unknown; name = cyborg_cs_7.mp3; path = ../src/assets/audio/characters/cyborg/cs/cyborg_cs_7.mp3; sourceTree = "<group>"; };
		81AB9BB72411601600AC10FF /* LaunchScreen.storyboard */ = {isa = PBXFileReference; fileEncoding = 4; lastKnownFileType = file.storyboard; name = LaunchScreen.storyboard; path = GoAndRest/LaunchScreen.storyboard; sourceTree = "<group>"; };
		860AE6422B87489EAAEEC364 /* cyborg_cs_9.mp3 */ = {isa = PBXFileReference; explicitFileType = undefined; fileEncoding = 9; includeInIndex = 0; lastKnownFileType = unknown; name = cyborg_cs_9.mp3; path = ../src/assets/audio/characters/cyborg/cs/cyborg_cs_9.mp3; sourceTree = "<group>"; };
		993E01C54BD6480D9042D867 /* cyborg_cs_5.mp3 */ = {isa = PBXFileReference; explicitFileType = undefined; fileEncoding = 9; includeInIndex = 0; lastKnownFileType = unknown; name = cyborg_cs_5.mp3; path = ../src/assets/audio/characters/cyborg/cs/cyborg_cs_5.mp3; sourceTree = "<group>"; };
		A9277619DDFB42ACA05C54B9 /* cyborg_cs_half.mp3 */ = {isa = PBXFileReference; explicitFileType = undefined; fileEncoding = 9; includeInIndex = 0; lastKnownFileType = unknown; name = cyborg_cs_half.mp3; path = ../src/assets/audio/characters/cyborg/cs/cyborg_cs_half.mp3; sourceTree = "<group>"; };
		B011BE634BA94B0AB3ED13E8 /* cyborg_cs_10.mp3 */ = {isa = PBXFileReference; explicitFileType = undefined; fileEncoding = 9; includeInIndex = 0; lastKnownFileType = unknown; name = cyborg_cs_10.mp3; path = ../src/assets/audio/characters/cyborg/cs/cyborg_cs_10.mp3; sourceTree = "<group>"; };
		B284B978388146AF99910238 /* cyborg_cs_8.mp3 */ = {isa = PBXFileReference; explicitFileType = undefined; fileEncoding = 9; includeInIndex = 0; lastKnownFileType = unknown; name = cyborg_cs_8.mp3; path = ../src/assets/audio/characters/cyborg/cs/cyborg_cs_8.mp3; sourceTree = "<group>"; };
		B3A156F1C2CB42D5B9545746 /* cyborg_cs_1.mp3 */ = {isa = PBXFileReference; explicitFileType = undefined; fileEncoding = 9; includeInIndex = 0; lastKnownFileType = unknown; name = cyborg_cs_1.mp3; path = ../src/assets/audio/characters/cyborg/cs/cyborg_cs_1.mp3; sourceTree = "<group>"; };
		BDB08565641044CE840F6297 /* cyborg_cs_warmup.mp3 */ = {isa = PBXFileReference; explicitFileType = undefined; fileEncoding = 9; includeInIndex = 0; lastKnownFileType = unknown; name = cyborg_cs_warmup.mp3; path = ../src/assets/audio/characters/cyborg/cs/cyborg_cs_warmup.mp3; sourceTree = "<group>"; };
		C6D096B29F7E47428A75F913 /* cyborg_cs_work.mp3 */ = {isa = PBXFileReference; explicitFileType = undefined; fileEncoding = 9; includeInIndex = 0; lastKnownFileType = unknown; name = cyborg_cs_work.mp3; path = ../src/assets/audio/characters/cyborg/cs/cyborg_cs_work.mp3; sourceTree = "<group>"; };
		DBFA2F118405409E827DE19E /* cyborg_cs_recovery.mp3 */ = {isa = PBXFileReference; explicitFileType = undefined; fileEncoding = 9; includeInIndex = 0; lastKnownFileType = unknown; name = cyborg_cs_recovery.mp3; path = ../src/assets/audio/characters/cyborg/cs/cyborg_cs_recovery.mp3; sourceTree = "<group>"; };
		DF06D7FEA235437E93BAC4C9 /* BarlowCondensed-Medium.ttf */ = {isa = PBXFileReference; explicitFileType = undefined; fileEncoding = 9; includeInIndex = 0; lastKnownFileType = unknown; name = "BarlowCondensed-Medium.ttf"; path = "../src/assets/fonts/BarlowCondensed-Medium.ttf"; sourceTree = "<group>"; };
		E8108A9A40DD4DF1A98F2286 /* BarlowCondensed-Bold.ttf */ = {isa = PBXFileReference; explicitFileType = undefined; fileEncoding = 9; includeInIndex = 0; lastKnownFileType = unknown; name = "BarlowCondensed-Bold.ttf"; path = "../src/assets/fonts/BarlowCondensed-Bold.ttf"; sourceTree = "<group>"; };
		ED297162215061F000B7C4FE /* JavaScriptCore.framework */ = {isa = PBXFileReference; lastKnownFileType = wrapper.framework; name = JavaScriptCore.framework; path = System/Library/Frameworks/JavaScriptCore.framework; sourceTree = SDKROOT; };
		F35558F7F9F141358037BB32 /* BarlowCondensed-Light.ttf */ = {isa = PBXFileReference; explicitFileType = undefined; fileEncoding = 9; includeInIndex = 0; lastKnownFileType = unknown; name = "BarlowCondensed-Light.ttf"; path = "../src/assets/fonts/BarlowCondensed-Light.ttf"; sourceTree = "<group>"; };
		6A0D691FF585485E8823B4EF /* coach_female_cs_warmup_short.m4a */ = {isa = PBXFileReference; name = "coach_female_cs_warmup_short.m4a"; path = "../src/assets/audio/voices/coach/female/cs/coach_female_cs_warmup_short.m4a"; sourceTree = "<group>"; fileEncoding = undefined; lastKnownFileType = unknown; explicitFileType = undefined; includeInIndex = 0; };
		D62954119EF14A118A6C0DFC /* coach_female_cs_half_v1.m4a */ = {isa = PBXFileReference; name = "coach_female_cs_half_v1.m4a"; path = "../src/assets/audio/voices/coach/female/cs/coach_female_cs_half_v1.m4a"; sourceTree = "<group>"; fileEncoding = undefined; lastKnownFileType = unknown; explicitFileType = undefined; includeInIndex = 0; };
		DF84C83CACBE4C3080D7675F /* coach_female_cs_half_v3.m4a */ = {isa = PBXFileReference; name = "coach_female_cs_half_v3.m4a"; path = "../src/assets/audio/voices/coach/female/cs/coach_female_cs_half_v3.m4a"; sourceTree = "<group>"; fileEncoding = undefined; lastKnownFileType = unknown; explicitFileType = undefined; includeInIndex = 0; };
		08F4456B2E4B4F30A02E08CE /* coach_female_cs_half_v2.m4a */ = {isa = PBXFileReference; name = "coach_female_cs_half_v2.m4a"; path = "../src/assets/audio/voices/coach/female/cs/coach_female_cs_half_v2.m4a"; sourceTree = "<group>"; fileEncoding = undefined; lastKnownFileType = unknown; explicitFileType = undefined; includeInIndex = 0; };
		C28929C8E4F647B59B67E7C3 /* coach_female_cs_3.m4a */ = {isa = PBXFileReference; name = "coach_female_cs_3.m4a"; path = "../src/assets/audio/voices/coach/female/cs/coach_female_cs_3.m4a"; sourceTree = "<group>"; fileEncoding = undefined; lastKnownFileType = unknown; explicitFileType = undefined; includeInIndex = 0; };
		76BEB68015D34A4D878219D7 /* coach_female_cs_work_v4.m4a */ = {isa = PBXFileReference; name = "coach_female_cs_work_v4.m4a"; path = "../src/assets/audio/voices/coach/female/cs/coach_female_cs_work_v4.m4a"; sourceTree = "<group>"; fileEncoding = undefined; lastKnownFileType = unknown; explicitFileType = undefined; includeInIndex = 0; };
		2C9A31468E214F81B0DBD3DB /* coach_female_cs_2.m4a */ = {isa = PBXFileReference; name = "coach_female_cs_2.m4a"; path = "../src/assets/audio/voices/coach/female/cs/coach_female_cs_2.m4a"; sourceTree = "<group>"; fileEncoding = undefined; lastKnownFileType = unknown; explicitFileType = undefined; includeInIndex = 0; };
		E327A2305EFE49E391FE32B5 /* coach_female_cs_1.m4a */ = {isa = PBXFileReference; name = "coach_female_cs_1.m4a"; path = "../src/assets/audio/voices/coach/female/cs/coach_female_cs_1.m4a"; sourceTree = "<group>"; fileEncoding = undefined; lastKnownFileType = unknown; explicitFileType = undefined; includeInIndex = 0; };
		CCB6A0085AAA4953BE0C8684 /* coach_female_cs_5.m4a */ = {isa = PBXFileReference; name = "coach_female_cs_5.m4a"; path = "../src/assets/audio/voices/coach/female/cs/coach_female_cs_5.m4a"; sourceTree = "<group>"; fileEncoding = undefined; lastKnownFileType = unknown; explicitFileType = undefined; includeInIndex = 0; };
		940DF39BF59A48379D30F0CA /* coach_female_cs_rest_v3.m4a */ = {isa = PBXFileReference; name = "coach_female_cs_rest_v3.m4a"; path = "../src/assets/audio/voices/coach/female/cs/coach_female_cs_rest_v3.m4a"; sourceTree = "<group>"; fileEncoding = undefined; lastKnownFileType = unknown; explicitFileType = undefined; includeInIndex = 0; };
		B38ACDCA721E469CA3746E33 /* coach_female_cs_work_v2.m4a */ = {isa = PBXFileReference; name = "coach_female_cs_work_v2.m4a"; path = "../src/assets/audio/voices/coach/female/cs/coach_female_cs_work_v2.m4a"; sourceTree = "<group>"; fileEncoding = undefined; lastKnownFileType = unknown; explicitFileType = undefined; includeInIndex = 0; };
		FA1F3B8A091A4CA485BB21BD /* coach_female_cs_work_v3.m4a */ = {isa = PBXFileReference; name = "coach_female_cs_work_v3.m4a"; path = "../src/assets/audio/voices/coach/female/cs/coach_female_cs_work_v3.m4a"; sourceTree = "<group>"; fileEncoding = undefined; lastKnownFileType = unknown; explicitFileType = undefined; includeInIndex = 0; };
		9D17934D5A1E4F039AD39FD2 /* coach_female_cs_rest_v2.m4a */ = {isa = PBXFileReference; name = "coach_female_cs_rest_v2.m4a"; path = "../src/assets/audio/voices/coach/female/cs/coach_female_cs_rest_v2.m4a"; sourceTree = "<group>"; fileEncoding = undefined; lastKnownFileType = unknown; explicitFileType = undefined; includeInIndex = 0; };
		16734C8A5CF949D8B2196789 /* coach_female_cs_recovery_v1.m4a */ = {isa = PBXFileReference; name = "coach_female_cs_recovery_v1.m4a"; path = "../src/assets/audio/voices/coach/female/cs/coach_female_cs_recovery_v1.m4a"; sourceTree = "<group>"; fileEncoding = undefined; lastKnownFileType = unknown; explicitFileType = undefined; includeInIndex = 0; };
		83BB20C08C6246A39BE77A1F /* coach_female_cs_4.m4a */ = {isa = PBXFileReference; name = "coach_female_cs_4.m4a"; path = "../src/assets/audio/voices/coach/female/cs/coach_female_cs_4.m4a"; sourceTree = "<group>"; fileEncoding = undefined; lastKnownFileType = unknown; explicitFileType = undefined; includeInIndex = 0; };
		FE83F3CE197E4322A9942019 /* coach_female_cs_6.m4a */ = {isa = PBXFileReference; name = "coach_female_cs_6.m4a"; path = "../src/assets/audio/voices/coach/female/cs/coach_female_cs_6.m4a"; sourceTree = "<group>"; fileEncoding = undefined; lastKnownFileType = unknown; explicitFileType = undefined; includeInIndex = 0; };
		DD810263CEDA4FBA99EC4CF8 /* coach_female_cs_recovery_v3.m4a */ = {isa = PBXFileReference; name = "coach_female_cs_recovery_v3.m4a"; path = "../src/assets/audio/voices/coach/female/cs/coach_female_cs_recovery_v3.m4a"; sourceTree = "<group>"; fileEncoding = undefined; lastKnownFileType = unknown; explicitFileType = undefined; includeInIndex = 0; };
		FF800DB9FAAD4FF9806446E4 /* coach_female_cs_work_v1.m4a */ = {isa = PBXFileReference; name = "coach_female_cs_work_v1.m4a"; path = "../src/assets/audio/voices/coach/female/cs/coach_female_cs_work_v1.m4a"; sourceTree = "<group>"; fileEncoding = undefined; lastKnownFileType = unknown; explicitFileType = undefined; includeInIndex = 0; };
		4CBEAFE57D13401CB01CBA46 /* coach_female_cs_rest_v1.m4a */ = {isa = PBXFileReference; name = "coach_female_cs_rest_v1.m4a"; path = "../src/assets/audio/voices/coach/female/cs/coach_female_cs_rest_v1.m4a"; sourceTree = "<group>"; fileEncoding = undefined; lastKnownFileType = unknown; explicitFileType = undefined; includeInIndex = 0; };
		EC01D3E80FE8446190EE9AC4 /* coach_female_cs_recovery_v2.m4a */ = {isa = PBXFileReference; name = "coach_female_cs_recovery_v2.m4a"; path = "../src/assets/audio/voices/coach/female/cs/coach_female_cs_recovery_v2.m4a"; sourceTree = "<group>"; fileEncoding = undefined; lastKnownFileType = unknown; explicitFileType = undefined; includeInIndex = 0; };
		9977294B28284EEB839A5BE3 /* coach_female_cs_7.m4a */ = {isa = PBXFileReference; name = "coach_female_cs_7.m4a"; path = "../src/assets/audio/voices/coach/female/cs/coach_female_cs_7.m4a"; sourceTree = "<group>"; fileEncoding = undefined; lastKnownFileType = unknown; explicitFileType = undefined; includeInIndex = 0; };
		017F078C4F3B461CB3C8F150 /* coach_female_cs_9.m4a */ = {isa = PBXFileReference; name = "coach_female_cs_9.m4a"; path = "../src/assets/audio/voices/coach/female/cs/coach_female_cs_9.m4a"; sourceTree = "<group>"; fileEncoding = undefined; lastKnownFileType = unknown; explicitFileType = undefined; includeInIndex = 0; };
		E2D5EC0249754D28ABCB2AFC /* coach_female_cs_10.m4a */ = {isa = PBXFileReference; name = "coach_female_cs_10.m4a"; path = "../src/assets/audio/voices/coach/female/cs/coach_female_cs_10.m4a"; sourceTree = "<group>"; fileEncoding = undefined; lastKnownFileType = unknown; explicitFileType = undefined; includeInIndex = 0; };
		9CD1957273C84A6FB78C3417 /* coach_female_cs_cooldown_short.m4a */ = {isa = PBXFileReference; name = "coach_female_cs_cooldown_short.m4a"; path = "../src/assets/audio/voices/coach/female/cs/coach_female_cs_cooldown_short.m4a"; sourceTree = "<group>"; fileEncoding = undefined; lastKnownFileType = unknown; explicitFileType = undefined; includeInIndex = 0; };
		9148E5A69C424D0BA514FC7C /* coach_female_cs_8.m4a */ = {isa = PBXFileReference; name = "coach_female_cs_8.m4a"; path = "../src/assets/audio/voices/coach/female/cs/coach_female_cs_8.m4a"; sourceTree = "<group>"; fileEncoding = undefined; lastKnownFileType = unknown; explicitFileType = undefined; includeInIndex = 0; };
		DC9F8D6020174826A97DB61A /* coach_female_cs_finish_v2.m4a */ = {isa = PBXFileReference; name = "coach_female_cs_finish_v2.m4a"; path = "../src/assets/audio/voices/coach/female/cs/coach_female_cs_finish_v2.m4a"; sourceTree = "<group>"; fileEncoding = undefined; lastKnownFileType = unknown; explicitFileType = undefined; includeInIndex = 0; };
		FBC04BC23D2F413AAC9FFB0F /* coach_female_cs_warmup_v2.m4a */ = {isa = PBXFileReference; name = "coach_female_cs_warmup_v2.m4a"; path = "../src/assets/audio/voices/coach/female/cs/coach_female_cs_warmup_v2.m4a"; sourceTree = "<group>"; fileEncoding = undefined; lastKnownFileType = unknown; explicitFileType = undefined; includeInIndex = 0; };
		834ED7DC5C5148D2B2F67B34 /* coach_female_cs_warmup_v3.m4a */ = {isa = PBXFileReference; name = "coach_female_cs_warmup_v3.m4a"; path = "../src/assets/audio/voices/coach/female/cs/coach_female_cs_warmup_v3.m4a"; sourceTree = "<group>"; fileEncoding = undefined; lastKnownFileType = unknown; explicitFileType = undefined; includeInIndex = 0; };
		0F2704ECADBE402E9DE18410 /* coach_female_cs_finish_v3.m4a */ = {isa = PBXFileReference; name = "coach_female_cs_finish_v3.m4a"; path = "../src/assets/audio/voices/coach/female/cs/coach_female_cs_finish_v3.m4a"; sourceTree = "<group>"; fileEncoding = undefined; lastKnownFileType = unknown; explicitFileType = undefined; includeInIndex = 0; };
		7271CBE905594D8284C9AF5E /* coach_female_cs_warmup_v1.m4a */ = {isa = PBXFileReference; name = "coach_female_cs_warmup_v1.m4a"; path = "../src/assets/audio/voices/coach/female/cs/coach_female_cs_warmup_v1.m4a"; sourceTree = "<group>"; fileEncoding = undefined; lastKnownFileType = unknown; explicitFileType = undefined; includeInIndex = 0; };
		95AB9ACEB11748D3B2963D4B /* coach_female_cs_finish_v1.m4a */ = {isa = PBXFileReference; name = "coach_female_cs_finish_v1.m4a"; path = "../src/assets/audio/voices/coach/female/cs/coach_female_cs_finish_v1.m4a"; sourceTree = "<group>"; fileEncoding = undefined; lastKnownFileType = unknown; explicitFileType = undefined; includeInIndex = 0; };
		0BD7FC379683465A80A019F8 /* coach_female_cs_rest_short.m4a */ = {isa = PBXFileReference; name = "coach_female_cs_rest_short.m4a"; path = "../src/assets/audio/voices/coach/female/cs/coach_female_cs_rest_short.m4a"; sourceTree = "<group>"; fileEncoding = undefined; lastKnownFileType = unknown; explicitFileType = undefined; includeInIndex = 0; };
		2CB9A31F2313477583BDC258 /* coach_female_cs_recovery_short.m4a */ = {isa = PBXFileReference; name = "coach_female_cs_recovery_short.m4a"; path = "../src/assets/audio/voices/coach/female/cs/coach_female_cs_recovery_short.m4a"; sourceTree = "<group>"; fileEncoding = undefined; lastKnownFileType = unknown; explicitFileType = undefined; includeInIndex = 0; };
		B65FB6320DEF45FC8011F8C3 /* coach_female_cs_cooldown_v1.m4a */ = {isa = PBXFileReference; name = "coach_female_cs_cooldown_v1.m4a"; path = "../src/assets/audio/voices/coach/female/cs/coach_female_cs_cooldown_v1.m4a"; sourceTree = "<group>"; fileEncoding = undefined; lastKnownFileType = unknown; explicitFileType = undefined; includeInIndex = 0; };
		015867F7BDF54340983E924E /* coach_female_cs_work_short.m4a */ = {isa = PBXFileReference; name = "coach_female_cs_work_short.m4a"; path = "../src/assets/audio/voices/coach/female/cs/coach_female_cs_work_short.m4a"; sourceTree = "<group>"; fileEncoding = undefined; lastKnownFileType = unknown; explicitFileType = undefined; includeInIndex = 0; };
		58E62413E9584EDAB94DFD00 /* coach_female_cs_cooldown_v2.m4a */ = {isa = PBXFileReference; name = "coach_female_cs_cooldown_v2.m4a"; path = "../src/assets/audio/voices/coach/female/cs/coach_female_cs_cooldown_v2.m4a"; sourceTree = "<group>"; fileEncoding = undefined; lastKnownFileType = unknown; explicitFileType = undefined; includeInIndex = 0; };
		C08C1DD43D77414DA79311CA /* coach_female_cs_cooldown_v3.m4a */ = {isa = PBXFileReference; name = "coach_female_cs_cooldown_v3.m4a"; path = "../src/assets/audio/voices/coach/female/cs/coach_female_cs_cooldown_v3.m4a"; sourceTree = "<group>"; fileEncoding = undefined; lastKnownFileType = unknown; explicitFileType = undefined; includeInIndex = 0; };
/* End PBXFileReference section */

/* Begin PBXFrameworksBuildPhase section */
		13B07F8C1A680F5B00A75B9A /* Frameworks */ = {
			isa = PBXFrameworksBuildPhase;
			buildActionMask = 2147483647;
			files = (
				096B80E12F4DABF500231B6D /* AVFoundation.framework in Frameworks */,
				0C80B921A6F3F58F76C31292 /* libPods-GoAndRest.a in Frameworks */,
			);
			runOnlyForDeploymentPostprocessing = 0;
		};
/* End PBXFrameworksBuildPhase section */

/* Begin PBXGroup section */
		13B07FAE1A68108700A75B9A /* GoAndRest */ = {
			isa = PBXGroup;
			children = (
				13B07FB51A68108700A75B9A /* Images.xcassets */,
				761780EC2CA45674006654EE /* AppDelegate.swift */,
				13B07FB61A68108700A75B9A /* Info.plist */,
				81AB9BB72411601600AC10FF /* LaunchScreen.storyboard */,
				13B07FB81A68108700A75B9A /* PrivacyInfo.xcprivacy */,
			);
			name = GoAndRest;
			sourceTree = "<group>";
		};
		2D16E6871FA4F8E400B85C8A /* Frameworks */ = {
			isa = PBXGroup;
			children = (
				096B80E02F4DABF500231B6D /* AVFoundation.framework */,
				ED297162215061F000B7C4FE /* JavaScriptCore.framework */,
				5DCACB8F33CDC322A6C60F78 /* libPods-GoAndRest.a */,
			);
			name = Frameworks;
			sourceTree = "<group>";
		};
		53526343431F406ABFF6AA6A /* Resources */ = {
			isa = PBXGroup;
			children = (
				77B0C69104104885AEB2C5AC /* thinking_owl.riv */,
				276BDF320A7942F4874F858D /* confetti.riv */,
				75D6891E9BCF4AFE9E55D8E3 /* loader.riv */,
				E8108A9A40DD4DF1A98F2286 /* BarlowCondensed-Bold.ttf */,
				F35558F7F9F141358037BB32 /* BarlowCondensed-Light.ttf */,
				DF06D7FEA235437E93BAC4C9 /* BarlowCondensed-Medium.ttf */,
				2A18B903C91945DBA5B1F4F9 /* BarlowCondensed-Regular.ttf */,
				44A439D5B5A644B59050302F /* BarlowCondensed-SemiBold.ttf */,
				2F9F99C466A14844B01E887D /* BarlowCondensed-ExtraBold.ttf */,
				14EADB51CA5A415A8F8F0C5A /* BarlowCondensed-Black.ttf */,
				07747BD437B0489CB4929E87 /* cyborg_cs_cooldown.mp3 */,
				0EBBED0DE4564F7682A13D3C /* cyborg_cs_4.mp3 */,
				993E01C54BD6480D9042D867 /* cyborg_cs_5.mp3 */,
				79788391ABF34F1E88F0678D /* cyborg_cs_7.mp3 */,
				60CE74178DA542B5893178EF /* cyborg_cs_6.mp3 */,
				DBFA2F118405409E827DE19E /* cyborg_cs_recovery.mp3 */,
				4582118768274618814B8A4F /* cyborg_cs_2.mp3 */,
				4FBC747CFCBA4D22B68277F0 /* cyborg_cs_3.mp3 */,
				B3A156F1C2CB42D5B9545746 /* cyborg_cs_1.mp3 */,
				C6D096B29F7E47428A75F913 /* cyborg_cs_work.mp3 */,
				6757D4E40E1E411E9AA13A6A /* cyborg_cs_finish.mp3 */,
				BDB08565641044CE840F6297 /* cyborg_cs_warmup.mp3 */,
				38406E37EB904840B97F9F5F /* cyborg_cs_rest.mp3 */,
				B011BE634BA94B0AB3ED13E8 /* cyborg_cs_10.mp3 */,
				A9277619DDFB42ACA05C54B9 /* cyborg_cs_half.mp3 */,
				B284B978388146AF99910238 /* cyborg_cs_8.mp3 */,
				860AE6422B87489EAAEEC364 /* cyborg_cs_9.mp3 */,
				6A0D691FF585485E8823B4EF /* coach_female_cs_warmup_short.m4a */,
				D62954119EF14A118A6C0DFC /* coach_female_cs_half_v1.m4a */,
				DF84C83CACBE4C3080D7675F /* coach_female_cs_half_v3.m4a */,
				08F4456B2E4B4F30A02E08CE /* coach_female_cs_half_v2.m4a */,
				C28929C8E4F647B59B67E7C3 /* coach_female_cs_3.m4a */,
				76BEB68015D34A4D878219D7 /* coach_female_cs_work_v4.m4a */,
				2C9A31468E214F81B0DBD3DB /* coach_female_cs_2.m4a */,
				E327A2305EFE49E391FE32B5 /* coach_female_cs_1.m4a */,
				CCB6A0085AAA4953BE0C8684 /* coach_female_cs_5.m4a */,
				940DF39BF59A48379D30F0CA /* coach_female_cs_rest_v3.m4a */,
				B38ACDCA721E469CA3746E33 /* coach_female_cs_work_v2.m4a */,
				FA1F3B8A091A4CA485BB21BD /* coach_female_cs_work_v3.m4a */,
				9D17934D5A1E4F039AD39FD2 /* coach_female_cs_rest_v2.m4a */,
				16734C8A5CF949D8B2196789 /* coach_female_cs_recovery_v1.m4a */,
				83BB20C08C6246A39BE77A1F /* coach_female_cs_4.m4a */,
				FE83F3CE197E4322A9942019 /* coach_female_cs_6.m4a */,
				DD810263CEDA4FBA99EC4CF8 /* coach_female_cs_recovery_v3.m4a */,
				FF800DB9FAAD4FF9806446E4 /* coach_female_cs_work_v1.m4a */,
				4CBEAFE57D13401CB01CBA46 /* coach_female_cs_rest_v1.m4a */,
				EC01D3E80FE8446190EE9AC4 /* coach_female_cs_recovery_v2.m4a */,
				9977294B28284EEB839A5BE3 /* coach_female_cs_7.m4a */,
				017F078C4F3B461CB3C8F150 /* coach_female_cs_9.m4a */,
				E2D5EC0249754D28ABCB2AFC /* coach_female_cs_10.m4a */,
				9CD1957273C84A6FB78C3417 /* coach_female_cs_cooldown_short.m4a */,
				9148E5A69C424D0BA514FC7C /* coach_female_cs_8.m4a */,
				DC9F8D6020174826A97DB61A /* coach_female_cs_finish_v2.m4a */,
				FBC04BC23D2F413AAC9FFB0F /* coach_female_cs_warmup_v2.m4a */,
				834ED7DC5C5148D2B2F67B34 /* coach_female_cs_warmup_v3.m4a */,
				0F2704ECADBE402E9DE18410 /* coach_female_cs_finish_v3.m4a */,
				7271CBE905594D8284C9AF5E /* coach_female_cs_warmup_v1.m4a */,
				95AB9ACEB11748D3B2963D4B /* coach_female_cs_finish_v1.m4a */,
				0BD7FC379683465A80A019F8 /* coach_female_cs_rest_short.m4a */,
				2CB9A31F2313477583BDC258 /* coach_female_cs_recovery_short.m4a */,
				B65FB6320DEF45FC8011F8C3 /* coach_female_cs_cooldown_v1.m4a */,
				015867F7BDF54340983E924E /* coach_female_cs_work_short.m4a */,
				58E62413E9584EDAB94DFD00 /* coach_female_cs_cooldown_v2.m4a */,
				C08C1DD43D77414DA79311CA /* coach_female_cs_cooldown_v3.m4a */,
			);
			name = Resources;
			sourceTree = "<group>";
		};
		832341AE1AAA6A7D00B99B32 /* Libraries */ = {
			isa = PBXGroup;
			children = (
			);
			name = Libraries;
			sourceTree = "<group>";
		};
		83CBB9F61A601CBA00E9B192 = {
			isa = PBXGroup;
			children = (
				13B07FAE1A68108700A75B9A /* GoAndRest */,
				832341AE1AAA6A7D00B99B32 /* Libraries */,
				83CBBA001A601CBA00E9B192 /* Products */,
				2D16E6871FA4F8E400B85C8A /* Frameworks */,
				BBD78D7AC51CEA395F1C20DB /* Pods */,
				53526343431F406ABFF6AA6A /* Resources */,
			);
			indentWidth = 2;
			sourceTree = "<group>";
			tabWidth = 2;
			usesTabs = 0;
		};
		83CBBA001A601CBA00E9B192 /* Products */ = {
			isa = PBXGroup;
			children = (
				13B07F961A680F5B00A75B9A /* GoAndRest.app */,
			);
			name = Products;
			sourceTree = "<group>";
		};
		BBD78D7AC51CEA395F1C20DB /* Pods */ = {
			isa = PBXGroup;
			children = (
				3B4392A12AC88292D35C810B /* Pods-GoAndRest.debug.xcconfig */,
				5709B34CF0A7D63546082F79 /* Pods-GoAndRest.release.xcconfig */,
			);
			path = Pods;
			sourceTree = "<group>";
		};
/* End PBXGroup section */

/* Begin PBXNativeTarget section */
		13B07F861A680F5B00A75B9A /* GoAndRest */ = {
			isa = PBXNativeTarget;
			buildConfigurationList = 13B07F931A680F5B00A75B9A /* Build configuration list for PBXNativeTarget "GoAndRest" */;
			buildPhases = (
				C38B50BA6285516D6DCD4F65 /* [CP] Check Pods Manifest.lock */,
				13B07F871A680F5B00A75B9A /* Sources */,
				13B07F8C1A680F5B00A75B9A /* Frameworks */,
				13B07F8E1A680F5B00A75B9A /* Resources */,
				00DD1BFF1BD5951E006B06BC /* Bundle React Native code and images */,
				00EEFC60759A1932668264C0 /* [CP] Embed Pods Frameworks */,
				E235C05ADACE081382539298 /* [CP] Copy Pods Resources */,
			);
			buildRules = (
			);
			dependencies = (
			);
			name = GoAndRest;
			productName = GoAndRest;
			productReference = 13B07F961A680F5B00A75B9A /* GoAndRest.app */;
			productType = "com.apple.product-type.application";
		};
/* End PBXNativeTarget section */

/* Begin PBXProject section */
		83CBB9F71A601CBA00E9B192 /* Project object */ = {
			isa = PBXProject;
			attributes = {
				LastUpgradeCheck = 1210;
				TargetAttributes = {
					13B07F861A680F5B00A75B9A = {
						LastSwiftMigration = 1120;
					};
				};
			};
			buildConfigurationList = 83CBB9FA1A601CBA00E9B192 /* Build configuration list for PBXProject "GoAndRest" */;
			compatibilityVersion = "Xcode 12.0";
			developmentRegion = en;
			hasScannedForEncodings = 0;
			knownRegions = (
				en,
				Base,
			);
			mainGroup = 83CBB9F61A601CBA00E9B192;
			productRefGroup = 83CBBA001A601CBA00E9B192 /* Products */;
			projectDirPath = "";
			projectRoot = "";
			targets = (
				13B07F861A680F5B00A75B9A /* GoAndRest */,
			);
		};
/* End PBXProject section */

/* Begin PBXResourcesBuildPhase section */
		13B07F8E1A680F5B00A75B9A /* Resources */ = {
			isa = PBXResourcesBuildPhase;
			buildActionMask = 2147483647;
			files = (
				81AB9BB82411601600AC10FF /* LaunchScreen.storyboard in Resources */,
				13B07FBF1A68108700A75B9A /* Images.xcassets in Resources */,
				4E6BA1DA00CEBA6B7E5F3765 /* PrivacyInfo.xcprivacy in Resources */,
				5EA2D328360942C4A38B90C9 /* thinking_owl.riv in Resources */,
				FB52F62E67ED45939EEFE273 /* confetti.riv in Resources */,
				F795EBC6558A426FAAE915D4 /* loader.riv in Resources */,
				55A51739A03246D389C2326F /* BarlowCondensed-Bold.ttf in Resources */,
				ED837E99D1D84D6284B6D0EA /* BarlowCondensed-Light.ttf in Resources */,
				5490FB8B500A4717AF050DE7 /* BarlowCondensed-Medium.ttf in Resources */,
				0E67A6C4A9D342BD872C41B9 /* BarlowCondensed-Regular.ttf in Resources */,
				908498F377D947CABEC58655 /* BarlowCondensed-SemiBold.ttf in Resources */,
				8D4E4EA71A864891B0FDD901 /* BarlowCondensed-ExtraBold.ttf in Resources */,
				8E18ADF92ABA412C9AE02323 /* BarlowCondensed-Black.ttf in Resources */,
				06B06B4BD6994477AF6A55E8 /* cyborg_cs_cooldown.mp3 in Resources */,
				041D37028B6D429192D6554C /* cyborg_cs_4.mp3 in Resources */,
				E0B28B406A0842E795896E12 /* cyborg_cs_5.mp3 in Resources */,
				55769A52C69747358A7CC372 /* cyborg_cs_7.mp3 in Resources */,
				B6CDA63572B2418E8022FA22 /* cyborg_cs_6.mp3 in Resources */,
				ABACF43C93DF4B77A37F7F18 /* cyborg_cs_recovery.mp3 in Resources */,
				BE8544BE206A4C5189873130 /* cyborg_cs_2.mp3 in Resources */,
				AA39E7D4FBEA4628B72E22CD /* cyborg_cs_3.mp3 in Resources */,
				792A69E4DE0A46EABB21C282 /* cyborg_cs_1.mp3 in Resources */,
				7128AEDB79B44EE78991CBAC /* cyborg_cs_work.mp3 in Resources */,
				D65AF272C722472CA0C58C23 /* cyborg_cs_finish.mp3 in Resources */,
				E58A96EAD8544096A963DE50 /* cyborg_cs_warmup.mp3 in Resources */,
				9D27D46B4706466BA8A6C521 /* cyborg_cs_rest.mp3 in Resources */,
				180DFC3E7BE74079981A15F5 /* cyborg_cs_10.mp3 in Resources */,
				4BAB502572F1443D8103C0A5 /* cyborg_cs_half.mp3 in Resources */,
				4A885925DF044A998C6CC705 /* cyborg_cs_8.mp3 in Resources */,
				1AD9318D535C4D8E8EAE39A0 /* cyborg_cs_9.mp3 in Resources */,
				C22A4956836C40A9A5F17309 /* coach_female_cs_warmup_short.m4a in Resources */,
				843E25DB96D84B7882BD817F /* coach_female_cs_half_v1.m4a in Resources */,
				EE51B8807DF2443B83CF478E /* coach_female_cs_half_v3.m4a in Resources */,
				6220BB12AA1242A19B14DD5C /* coach_female_cs_half_v2.m4a in Resources */,
				82AAA173D20E4D2FAAC7E551 /* coach_female_cs_3.m4a in Resources */,
				DEAE475A032344269D2030E2 /* coach_female_cs_work_v4.m4a in Resources */,
				7A6324200A9B4FB9AB20E502 /* coach_female_cs_2.m4a in Resources */,
				AA7AB0D0B7744FD5A874F8AD /* coach_female_cs_1.m4a in Resources */,
				DDBEA8CFC8DF400D9EFF5810 /* coach_female_cs_5.m4a in Resources */,
				37EA2AC6E9E241FEBC13BD19 /* coach_female_cs_rest_v3.m4a in Resources */,
				5BADD77770BB440B9B1EAAFF /* coach_female_cs_work_v2.m4a in Resources */,
				E479DF9369304CCCA015324A /* coach_female_cs_work_v3.m4a in Resources */,
				DE3AC1BC2D644F8FA18FF0A4 /* coach_female_cs_rest_v2.m4a in Resources */,
				43802811D4DA44228F43C2F9 /* coach_female_cs_recovery_v1.m4a in Resources */,
				A53C75B0C57F49FA89303018 /* coach_female_cs_4.m4a in Resources */,
				75D48CBEEF9F4E4DA315B4AA /* coach_female_cs_6.m4a in Resources */,
				C7A7F529D0BA482AAF40DB4A /* coach_female_cs_recovery_v3.m4a in Resources */,
				4B29627362E2493B949D5C8F /* coach_female_cs_work_v1.m4a in Resources */,
				10BF97A3570042BBA3A660D1 /* coach_female_cs_rest_v1.m4a in Resources */,
				E94D7316C9CD4C75BC922843 /* coach_female_cs_recovery_v2.m4a in Resources */,
				D87CA521ECBD424FA6E00457 /* coach_female_cs_7.m4a in Resources */,
				DB9836DCACD4401FB8619B4E /* coach_female_cs_9.m4a in Resources */,
				82F002FBC7F14A54B3233DC8 /* coach_female_cs_10.m4a in Resources */,
				021E896D296D487AB89CE35E /* coach_female_cs_cooldown_short.m4a in Resources */,
				CE5F37DE24A0403AA5565743 /* coach_female_cs_8.m4a in Resources */,
				2AD1E8D3D0B64AC3B8A08FA9 /* coach_female_cs_finish_v2.m4a in Resources */,
				CD83EFC724C442FEB02118F3 /* coach_female_cs_warmup_v2.m4a in Resources */,
				E265D3D5CBBC4D2CAC4D90AE /* coach_female_cs_warmup_v3.m4a in Resources */,
				C268899F46C64E53B601BEB0 /* coach_female_cs_finish_v3.m4a in Resources */,
				D806EC0D14D04155B63CA75F /* coach_female_cs_warmup_v1.m4a in Resources */,
				4E9FD380EC6B4B7BB78823F8 /* coach_female_cs_finish_v1.m4a in Resources */,
				99D0D3733EE5479484267A3A /* coach_female_cs_rest_short.m4a in Resources */,
				AF6E45E6A32745F89C8B4C42 /* coach_female_cs_recovery_short.m4a in Resources */,
				3E879DE76C1149DA844149A6 /* coach_female_cs_cooldown_v1.m4a in Resources */,
				9515E61FCDD449B28A12428E /* coach_female_cs_work_short.m4a in Resources */,
				79A65722B5DD474284796FB6 /* coach_female_cs_cooldown_v2.m4a in Resources */,
				573EA839A0574F4E9971DD0E /* coach_female_cs_cooldown_v3.m4a in Resources */,
			);
			runOnlyForDeploymentPostprocessing = 0;
		};
/* End PBXResourcesBuildPhase section */

/* Begin PBXShellScriptBuildPhase section */
		00DD1BFF1BD5951E006B06BC /* Bundle React Native code and images */ = {
			isa = PBXShellScriptBuildPhase;
			buildActionMask = 2147483647;
			files = (
			);
			inputPaths = (
				"$(SRCROOT)/.xcode.env.local",
				"$(SRCROOT)/.xcode.env",
			);
			name = "Bundle React Native code and images";
			outputPaths = (
			);
			runOnlyForDeploymentPostprocessing = 0;
			shellPath = /bin/sh;
			shellScript = "set -e\n\nWITH_ENVIRONMENT=\"$REACT_NATIVE_PATH/scripts/xcode/with-environment.sh\"\nREACT_NATIVE_XCODE=\"$REACT_NATIVE_PATH/scripts/react-native-xcode.sh\"\n\n/bin/sh -c \"\\\"$WITH_ENVIRONMENT\\\" \\\"$REACT_NATIVE_XCODE\\\"\"\n";
		};
		00EEFC60759A1932668264C0 /* [CP] Embed Pods Frameworks */ = {
			isa = PBXShellScriptBuildPhase;
			buildActionMask = 2147483647;
			files = (
			);
			inputFileListPaths = (
				"${PODS_ROOT}/Target Support Files/Pods-GoAndRest/Pods-GoAndRest-frameworks-${CONFIGURATION}-input-files.xcfilelist",
			);
			inputPaths = (
			);
			name = "[CP] Embed Pods Frameworks";
			outputFileListPaths = (
				"${PODS_ROOT}/Target Support Files/Pods-GoAndRest/Pods-GoAndRest-frameworks-${CONFIGURATION}-output-files.xcfilelist",
			);
			outputPaths = (
			);
			runOnlyForDeploymentPostprocessing = 0;
			shellPath = /bin/sh;
			shellScript = "\"${PODS_ROOT}/Target Support Files/Pods-GoAndRest/Pods-GoAndRest-frameworks.sh\"\n";
			showEnvVarsInLog = 0;
		};
		C38B50BA6285516D6DCD4F65 /* [CP] Check Pods Manifest.lock */ = {
			isa = PBXShellScriptBuildPhase;
			buildActionMask = 2147483647;
			files = (
			);
			inputFileListPaths = (
			);
			inputPaths = (
				"${PODS_PODFILE_DIR_PATH}/Podfile.lock",
				"${PODS_ROOT}/Manifest.lock",
			);
			name = "[CP] Check Pods Manifest.lock";
			outputFileListPaths = (
			);
			outputPaths = (
				"$(DERIVED_FILE_DIR)/Pods-GoAndRest-checkManifestLockResult.txt",
			);
			runOnlyForDeploymentPostprocessing = 0;
			shellPath = /bin/sh;
			shellScript = "diff \"${PODS_PODFILE_DIR_PATH}/Podfile.lock\" \"${PODS_ROOT}/Manifest.lock\" > /dev/null\nif [ $? != 0 ] ; then\n    # print error to STDERR\n    echo \"error: The sandbox is not in sync with the Podfile.lock. Run 'pod install' or update your CocoaPods installation.\" >&2\n    exit 1\nfi\n# This output is used by Xcode 'outputs' to avoid re-running this script phase.\necho \"SUCCESS\" > \"${SCRIPT_OUTPUT_FILE_0}\"\n";
			showEnvVarsInLog = 0;
		};
		E235C05ADACE081382539298 /* [CP] Copy Pods Resources */ = {
			isa = PBXShellScriptBuildPhase;
			buildActionMask = 2147483647;
			files = (
			);
			inputFileListPaths = (
				"${PODS_ROOT}/Target Support Files/Pods-GoAndRest/Pods-GoAndRest-resources-${CONFIGURATION}-input-files.xcfilelist",
			);
			inputPaths = (
			);
			name = "[CP] Copy Pods Resources";
			outputFileListPaths = (
				"${PODS_ROOT}/Target Support Files/Pods-GoAndRest/Pods-GoAndRest-resources-${CONFIGURATION}-output-files.xcfilelist",
			);
			outputPaths = (
			);
			runOnlyForDeploymentPostprocessing = 0;
			shellPath = /bin/sh;
			shellScript = "\"${PODS_ROOT}/Target Support Files/Pods-GoAndRest/Pods-GoAndRest-resources.sh\"\n";
			showEnvVarsInLog = 0;
		};
/* End PBXShellScriptBuildPhase section */

/* Begin PBXSourcesBuildPhase section */
		13B07F871A680F5B00A75B9A /* Sources */ = {
			isa = PBXSourcesBuildPhase;
			buildActionMask = 2147483647;
			files = (
				761780ED2CA45674006654EE /* AppDelegate.swift in Sources */,
			);
			runOnlyForDeploymentPostprocessing = 0;
		};
/* End PBXSourcesBuildPhase section */

/* Begin XCBuildConfiguration section */
		13B07F941A680F5B00A75B9A /* Debug */ = {
			isa = XCBuildConfiguration;
			baseConfigurationReference = 3B4392A12AC88292D35C810B /* Pods-GoAndRest.debug.xcconfig */;
			buildSettings = {
				ASSETCATALOG_COMPILER_APPICON_NAME = AppIcon;
				ASSETCATALOG_COMPILER_INCLUDE_ALL_APPICON_ASSETS = NO;
				CLANG_ENABLE_MODULES = YES;
				CODE_SIGN_IDENTITY = "Apple Development";
				CODE_SIGN_STYLE = Automatic;
				CURRENT_PROJECT_VERSION = 1;
				DEVELOPMENT_TEAM = 84JJGMBQ83;
				ENABLE_BITCODE = NO;
				INFOPLIST_FILE = GoAndRest/Info.plist;
				INFOPLIST_KEY_CFBundleDisplayName = "Go&Rest";
				INFOPLIST_KEY_LSApplicationCategoryType = "public.app-category.sports";
				IPHONEOS_DEPLOYMENT_TARGET = 15.1;
				LD_RUNPATH_SEARCH_PATHS = (
					"$(inherited)",
					"@executable_path/Frameworks",
				);
				MARKETING_VERSION = 1.0.0;
				OTHER_LDFLAGS = (
					"$(inherited)",
					"-ObjC",
					"-lc++",
				);
				PRODUCT_BUNDLE_IDENTIFIER = com.robertdominguez.GoAndRest;
				PRODUCT_NAME = GoAndRest;
				PROVISIONING_PROFILE_SPECIFIER = "";
				SWIFT_OPTIMIZATION_LEVEL = "-Onone";
				SWIFT_VERSION = 5.0;
				VERSIONING_SYSTEM = "apple-generic";
			};
			name = Debug;
		};
		13B07F951A680F5B00A75B9A /* Release */ = {
			isa = XCBuildConfiguration;
			baseConfigurationReference = 5709B34CF0A7D63546082F79 /* Pods-GoAndRest.release.xcconfig */;
			buildSettings = {
				ASSETCATALOG_COMPILER_APPICON_NAME = AppIcon;
				ASSETCATALOG_COMPILER_INCLUDE_ALL_APPICON_ASSETS = NO;
				CLANG_ENABLE_MODULES = YES;
				CODE_SIGN_IDENTITY = "Apple Development";
				CODE_SIGN_STYLE = Automatic;
				CURRENT_PROJECT_VERSION = 1;
				DEVELOPMENT_TEAM = 84JJGMBQ83;
				INFOPLIST_FILE = GoAndRest/Info.plist;
				INFOPLIST_KEY_CFBundleDisplayName = "Go&Rest";
				INFOPLIST_KEY_LSApplicationCategoryType = "public.app-category.sports";
				IPHONEOS_DEPLOYMENT_TARGET = 15.1;
				LD_RUNPATH_SEARCH_PATHS = (
					"$(inherited)",
					"@executable_path/Frameworks",
				);
				MARKETING_VERSION = 1.0.0;
				OTHER_LDFLAGS = (
					"$(inherited)",
					"-ObjC",
					"-lc++",
				);
				PRODUCT_BUNDLE_IDENTIFIER = com.robertdominguez.GoAndRest;
				PRODUCT_NAME = GoAndRest;
				PROVISIONING_PROFILE_SPECIFIER = "";
				SWIFT_VERSION = 5.0;
				VERSIONING_SYSTEM = "apple-generic";
			};
			name = Release;
		};
		83CBBA201A601CBA00E9B192 /* Debug */ = {
			isa = XCBuildConfiguration;
			buildSettings = {
				ALWAYS_SEARCH_USER_PATHS = NO;
				CLANG_ANALYZER_LOCALIZABILITY_NONLOCALIZED = YES;
				CLANG_CXX_LANGUAGE_STANDARD = "c++20";
				CLANG_CXX_LIBRARY = "libc++";
				CLANG_ENABLE_MODULES = YES;
				CLANG_ENABLE_OBJC_ARC = YES;
				CLANG_WARN_BLOCK_CAPTURE_AUTORELEASING = YES;
				CLANG_WARN_BOOL_CONVERSION = YES;
				CLANG_WARN_COMMA = YES;
				CLANG_WARN_CONSTANT_CONVERSION = YES;
				CLANG_WARN_DEPRECATED_OBJC_IMPLEMENTATIONS = YES;
				CLANG_WARN_DIRECT_OBJC_ISA_USAGE = YES_ERROR;
				CLANG_WARN_EMPTY_BODY = YES;
				CLANG_WARN_ENUM_CONVERSION = YES;
				CLANG_WARN_INFINITE_RECURSION = YES;
				CLANG_WARN_INT_CONVERSION = YES;
				CLANG_WARN_NON_LITERAL_NULL_CONVERSION = YES;
				CLANG_WARN_OBJC_IMPLICIT_RETAIN_SELF = YES;
				CLANG_WARN_OBJC_LITERAL_CONVERSION = YES;
				CLANG_WARN_OBJC_ROOT_CLASS = YES_ERROR;
				CLANG_WARN_QUOTED_INCLUDE_IN_FRAMEWORK_HEADER = YES;
				CLANG_WARN_RANGE_LOOP_ANALYSIS = YES;
				CLANG_WARN_STRICT_PROTOTYPES = YES;
				CLANG_WARN_SUSPICIOUS_MOVE = YES;
				CLANG_WARN_UNREACHABLE_CODE = YES;
				CLANG_WARN__DUPLICATE_METHOD_MATCH = YES;
				"CODE_SIGN_IDENTITY[sdk=iphoneos*]" = "iPhone Developer";
				COPY_PHASE_STRIP = NO;
				ENABLE_STRICT_OBJC_MSGSEND = YES;
				ENABLE_TESTABILITY = YES;
				ENABLE_TESTING_SEARCH_PATHS = NO;
				"EXCLUDED_ARCHS[sdk=iphonesimulator*]" = "";
				GCC_C_LANGUAGE_STANDARD = gnu99;
				GCC_DYNAMIC_NO_PIC = NO;
				GCC_NO_COMMON_BLOCKS = YES;
				GCC_OPTIMIZATION_LEVEL = 0;
				GCC_PREPROCESSOR_DEFINITIONS = (
					"DEBUG=1",
					"$(inherited)",
				);
				GCC_SYMBOLS_PRIVATE_EXTERN = NO;
				GCC_WARN_64_TO_32_BIT_CONVERSION = YES;
				GCC_WARN_ABOUT_RETURN_TYPE = YES_ERROR;
				GCC_WARN_UNDECLARED_SELECTOR = YES;
				GCC_WARN_UNINITIALIZED_AUTOS = YES_AGGRESSIVE;
				GCC_WARN_UNUSED_FUNCTION = YES;
				GCC_WARN_UNUSED_VARIABLE = YES;
				IPHONEOS_DEPLOYMENT_TARGET = 15.1;
				LD_RUNPATH_SEARCH_PATHS = (
					/usr/lib/swift,
					"$(inherited)",
				);
				LIBRARY_SEARCH_PATHS = (
					"\"$(SDKROOT)/usr/lib/swift\"",
					"\"$(TOOLCHAIN_DIR)/usr/lib/swift/$(PLATFORM_NAME)\"",
					"\"$(inherited)\"",
				);
				MTL_ENABLE_DEBUG_INFO = YES;
				ONLY_ACTIVE_ARCH = YES;
				OTHER_CFLAGS = "$(inherited)";
				OTHER_CPLUSPLUSFLAGS = (
					"$(OTHER_CFLAGS)",
					"-DFOLLY_NO_CONFIG",
					"-DFOLLY_MOBILE=1",
					"-DFOLLY_USE_LIBCPP=1",
					"-DFOLLY_CFG_NO_COROUTINES=1",
					"-DFOLLY_HAVE_CLOCK_GETTIME=1",
				);
				REACT_NATIVE_PATH = "${PODS_ROOT}/../../node_modules/react-native";
				SDKROOT = iphoneos;
				SWIFT_ACTIVE_COMPILATION_CONDITIONS = "$(inherited) DEBUG";
				USE_HERMES = true;
			};
			name = Debug;
		};
		83CBBA211A601CBA00E9B192 /* Release */ = {
			isa = XCBuildConfiguration;
			buildSettings = {
				ALWAYS_SEARCH_USER_PATHS = NO;
				CLANG_ANALYZER_LOCALIZABILITY_NONLOCALIZED = YES;
				CLANG_CXX_LANGUAGE_STANDARD = "c++20";
				CLANG_CXX_LIBRARY = "libc++";
				CLANG_ENABLE_MODULES = YES;
				CLANG_ENABLE_OBJC_ARC = YES;
				CLANG_WARN_BLOCK_CAPTURE_AUTORELEASING = YES;
				CLANG_WARN_BOOL_CONVERSION = YES;
				CLANG_WARN_COMMA = YES;
				CLANG_WARN_CONSTANT_CONVERSION = YES;
				CLANG_WARN_DEPRECATED_OBJC_IMPLEMENTATIONS = YES;
				CLANG_WARN_DIRECT_OBJC_ISA_USAGE = YES_ERROR;
				CLANG_WARN_EMPTY_BODY = YES;
				CLANG_WARN_ENUM_CONVERSION = YES;
				CLANG_WARN_INFINITE_RECURSION = YES;
				CLANG_WARN_INT_CONVERSION = YES;
				CLANG_WARN_NON_LITERAL_NULL_CONVERSION = YES;
				CLANG_WARN_OBJC_IMPLICIT_RETAIN_SELF = YES;
				CLANG_WARN_OBJC_LITERAL_CONVERSION = YES;
				CLANG_WARN_OBJC_ROOT_CLASS = YES_ERROR;
				CLANG_WARN_QUOTED_INCLUDE_IN_FRAMEWORK_HEADER = YES;
				CLANG_WARN_RANGE_LOOP_ANALYSIS = YES;
				CLANG_WARN_STRICT_PROTOTYPES = YES;
				CLANG_WARN_SUSPICIOUS_MOVE = YES;
				CLANG_WARN_UNREACHABLE_CODE = YES;
				CLANG_WARN__DUPLICATE_METHOD_MATCH = YES;
				"CODE_SIGN_IDENTITY[sdk=iphoneos*]" = "iPhone Developer";
				COPY_PHASE_STRIP = YES;
				ENABLE_NS_ASSERTIONS = NO;
				ENABLE_STRICT_OBJC_MSGSEND = YES;
				ENABLE_TESTING_SEARCH_PATHS = NO;
				"EXCLUDED_ARCHS[sdk=iphonesimulator*]" = "";
				GCC_C_LANGUAGE_STANDARD = gnu99;
				GCC_NO_COMMON_BLOCKS = YES;
				GCC_WARN_64_TO_32_BIT_CONVERSION = YES;
				GCC_WARN_ABOUT_RETURN_TYPE = YES_ERROR;
				GCC_WARN_UNDECLARED_SELECTOR = YES;
				GCC_WARN_UNINITIALIZED_AUTOS = YES_AGGRESSIVE;
				GCC_WARN_UNUSED_FUNCTION = YES;
				GCC_WARN_UNUSED_VARIABLE = YES;
				IPHONEOS_DEPLOYMENT_TARGET = 15.1;
				LD_RUNPATH_SEARCH_PATHS = (
					/usr/lib/swift,
					"$(inherited)",
				);
				LIBRARY_SEARCH_PATHS = (
					"\"$(SDKROOT)/usr/lib/swift\"",
					"\"$(TOOLCHAIN_DIR)/usr/lib/swift/$(PLATFORM_NAME)\"",
					"\"$(inherited)\"",
				);
				MTL_ENABLE_DEBUG_INFO = NO;
				OTHER_CFLAGS = "$(inherited)";
				OTHER_CPLUSPLUSFLAGS = (
					"$(OTHER_CFLAGS)",
					"-DFOLLY_NO_CONFIG",
					"-DFOLLY_MOBILE=1",
					"-DFOLLY_USE_LIBCPP=1",
					"-DFOLLY_CFG_NO_COROUTINES=1",
					"-DFOLLY_HAVE_CLOCK_GETTIME=1",
				);
				REACT_NATIVE_PATH = "${PODS_ROOT}/../../node_modules/react-native";
				SDKROOT = iphoneos;
				USE_HERMES = true;
				VALIDATE_PRODUCT = YES;
			};
			name = Release;
		};
/* End XCBuildConfiguration section */

/* Begin XCConfigurationList section */
		13B07F931A680F5B00A75B9A /* Build configuration list for PBXNativeTarget "GoAndRest" */ = {
			isa = XCConfigurationList;
			buildConfigurations = (
				13B07F941A680F5B00A75B9A /* Debug */,
				13B07F951A680F5B00A75B9A /* Release */,
			);
			defaultConfigurationIsVisible = 0;
			defaultConfigurationName = Release;
		};
		83CBB9FA1A601CBA00E9B192 /* Build configuration list for PBXProject "GoAndRest" */ = {
			isa = XCConfigurationList;
			buildConfigurations = (
				83CBBA201A601CBA00E9B192 /* Debug */,
				83CBBA211A601CBA00E9B192 /* Release */,
			);
			defaultConfigurationIsVisible = 0;
			defaultConfigurationName = Release;
		};
/* End XCConfigurationList section */
	};
	rootObject = 83CBB9F71A601CBA00E9B192 /* Project object */;
}
